{
  "pins" : [
    {
      "identity" : "alamofire",
      "kind" : "remoteSourceControl",
      "location" : "https://github.com/Alamofire/Alamofire.git",
      "state" : {
        "branch" : "master",
        "revision" : "fd87f7ce7461197ea5af6e4a865168b8fc913ee0"
      }
    },
    {
      "identity" : "swiftyjson",
      "kind" : "remoteSourceControl",
      "location" : "https://github.com/SwiftyJSON/SwiftyJSON.git",
      "state" : {
        "branch" : "master",
        "revision" : "af1f7a2007d607fbe735c445f19080df4260fe8e"
      }
    }
  ],
  "version" : 2
}
