// !$*UTF8*$!
{
	archiveVersion = 1;
	classes = {
	};
	objectVersion = 46;
	objects = {

/* Begin PBXBuildFile section */
		36A7E58D2038640E74ECFA4B /* Pods_ObjCVoiceCallingAppTests.framework in Frameworks */ = {isa = PBXBuildFile; fileRef = 1B9C2460DDCD7676E73518EC /* Pods_ObjCVoiceCallingAppTests.framework */; };
		471435371EAE37FF00B14584 /* plivo-gif-icon.gif in Resources */ = {isa = PBXBuildFile; fileRef = 471435361EAE37FF00B14584 /* plivo-gif-icon.gif */; };
		472B34E41E9E371F00FF56B0 /* CallKit.framework in Frameworks */ = {isa = PBXBuildFile; fileRef = 472B34E31E9E371F00FF56B0 /* CallKit.framework */; };
		473EF9631E9D28690022AF4B /* main.m in Sources */ = {isa = PBXBuildFile; fileRef = 473EF9621E9D28690022AF4B /* main.m */; };
		473EF96C1E9D28690022AF4B /* Main.storyboard in Resources */ = {isa = PBXBuildFile; fileRef = 473EF96A1E9D28690022AF4B /* Main.storyboard */; };
		473EF96E1E9D28690022AF4B /* Assets.xcassets in Resources */ = {isa = PBXBuildFile; fileRef = 473EF96D1E9D28690022AF4B /* Assets.xcassets */; };
		473EF9711E9D28690022AF4B /* LaunchScreen.storyboard in Resources */ = {isa = PBXBuildFile; fileRef = 473EF96F1E9D28690022AF4B /* LaunchScreen.storyboard */; };
		473EF97C1E9D28690022AF4B /* ObjCVoiceCallingAppTests.m in Sources */ = {isa = PBXBuildFile; fileRef = 473EF97B1E9D28690022AF4B /* ObjCVoiceCallingAppTests.m */; };
		473EF9871E9D28690022AF4B /* ObjCVoiceCallingAppUITests.m in Sources */ = {isa = PBXBuildFile; fileRef = 473EF9861E9D28690022AF4B /* ObjCVoiceCallingAppUITests.m */; };
		473EF99A1E9D28FB0022AF4B /* AppDelegate.m in Sources */ = {isa = PBXBuildFile; fileRef = 473EF9991E9D28FB0022AF4B /* AppDelegate.m */; };
		473EF99D1E9D29E90022AF4B /* LoginViewController.m in Sources */ = {isa = PBXBuildFile; fileRef = 473EF99C1E9D29E90022AF4B /* LoginViewController.m */; };
		473EF9A01E9D4FAB0022AF4B /* UtilityClass.m in Sources */ = {isa = PBXBuildFile; fileRef = 473EF99F1E9D4FAB0022AF4B /* UtilityClass.m */; };
		473EF9A91E9D54F30022AF4B /* Security.framework in Frameworks */ = {isa = PBXBuildFile; fileRef = 473EF9A51E9D54F30022AF4B /* Security.framework */; };
		473EF9AA1E9D54F30022AF4B /* SystemConfiguration.framework in Frameworks */ = {isa = PBXBuildFile; fileRef = 473EF9A61E9D54F30022AF4B /* SystemConfiguration.framework */; };
		473EF9AB1E9D54F30022AF4B /* UserNotifications.framework in Frameworks */ = {isa = PBXBuildFile; fileRef = 473EF9A71E9D54F30022AF4B /* UserNotifications.framework */; };
		473EF9AC1E9D54F30022AF4B /* UserNotificationsUI.framework in Frameworks */ = {isa = PBXBuildFile; fileRef = 473EF9A81E9D54F30022AF4B /* UserNotificationsUI.framework */; };
		473EF9AF1E9D55070022AF4B /* Intents.framework in Frameworks */ = {isa = PBXBuildFile; fileRef = 473EF9AD1E9D55070022AF4B /* Intents.framework */; };
		473EF9B01E9D55070022AF4B /* PushKit.framework in Frameworks */ = {isa = PBXBuildFile; fileRef = 473EF9AE1E9D55070022AF4B /* PushKit.framework */; };
		473EF9B41E9D552E0022AF4B /* CoreMedia.framework in Frameworks */ = {isa = PBXBuildFile; fileRef = 473EF9B11E9D552E0022AF4B /* CoreMedia.framework */; };
		473EF9B51E9D552E0022AF4B /* OpenGLES.framework in Frameworks */ = {isa = PBXBuildFile; fileRef = 473EF9B21E9D552E0022AF4B /* OpenGLES.framework */; };
		473EF9B61E9D552E0022AF4B /* QuartzCore.framework in Frameworks */ = {isa = PBXBuildFile; fileRef = 473EF9B31E9D552E0022AF4B /* QuartzCore.framework */; };
		473EF9BB1E9D55480022AF4B /* AudioToolbox.framework in Frameworks */ = {isa = PBXBuildFile; fileRef = 473EF9B71E9D55480022AF4B /* AudioToolbox.framework */; };
		473EF9BC1E9D55480022AF4B /* AVFoundation.framework in Frameworks */ = {isa = PBXBuildFile; fileRef = 473EF9B81E9D55480022AF4B /* AVFoundation.framework */; };
		473EF9BD1E9D55480022AF4B /* CFNetwork.framework in Frameworks */ = {isa = PBXBuildFile; fileRef = 473EF9B91E9D55480022AF4B /* CFNetwork.framework */; };
		473EF9BE1E9D55480022AF4B /* UIKit.framework in Frameworks */ = {isa = PBXBuildFile; fileRef = 473EF9BA1E9D55480022AF4B /* UIKit.framework */; };
		473EF9C01E9D55560022AF4B /* Foundation.framework in Frameworks */ = {isa = PBXBuildFile; fileRef = 473EF9BF1E9D55560022AF4B /* Foundation.framework */; };
		473EF9C21E9D555E0022AF4B /* CoreGraphics.framework in Frameworks */ = {isa = PBXBuildFile; fileRef = 473EF9C11E9D555E0022AF4B /* CoreGraphics.framework */; };
		473EF9D01E9D58550022AF4B /* CallInfo.m in Sources */ = {isa = PBXBuildFile; fileRef = 473EF9CF1E9D58550022AF4B /* CallInfo.m */; };
		473EF9D41E9D5B3F0022AF4B /* CallHistoryViewController.m in Sources */ = {isa = PBXBuildFile; fileRef = 473EF9D31E9D5B3F0022AF4B /* CallHistoryViewController.m */; };
		4740121F1EA8033100BE9E2E /* SafariServices.framework in Frameworks */ = {isa = PBXBuildFile; fileRef = 4740121E1EA8033100BE9E2E /* SafariServices.framework */; };
		4740123C1EA80D8200BE9E2E /* NBAsYouTypeFormatter.m in Sources */ = {isa = PBXBuildFile; fileRef = 4740122A1EA80D8200BE9E2E /* NBAsYouTypeFormatter.m */; };
		4740123F1EA80D8200BE9E2E /* NBNumberFormat.m in Sources */ = {isa = PBXBuildFile; fileRef = 4740122C1EA80D8200BE9E2E /* NBNumberFormat.m */; };
		474012421EA80D8200BE9E2E /* NBPhoneMetaData.m in Sources */ = {isa = PBXBuildFile; fileRef = 4740122E1EA80D8200BE9E2E /* NBPhoneMetaData.m */; };
		474012451EA80D8200BE9E2E /* NBPhoneNumber.m in Sources */ = {isa = PBXBuildFile; fileRef = 474012301EA80D8200BE9E2E /* NBPhoneNumber.m */; };
		474012481EA80D8200BE9E2E /* NBPhoneNumberDesc.m in Sources */ = {isa = PBXBuildFile; fileRef = 474012331EA80D8200BE9E2E /* NBPhoneNumberDesc.m */; };
		4740124B1EA80D8200BE9E2E /* NBPhoneNumberMetadata.plist in Resources */ = {isa = PBXBuildFile; fileRef = 474012341EA80D8200BE9E2E /* NBPhoneNumberMetadata.plist */; };
		4740124E1EA80D8200BE9E2E /* NBPhoneNumberMetadataForTesting.plist in Resources */ = {isa = PBXBuildFile; fileRef = 474012351EA80D8200BE9E2E /* NBPhoneNumberMetadataForTesting.plist */; };
		474012511EA80D8200BE9E2E /* NBPhoneNumberUtil.m in Sources */ = {isa = PBXBuildFile; fileRef = 474012371EA80D8200BE9E2E /* NBPhoneNumberUtil.m */; };
		474012541EA80D8200BE9E2E /* NSArray+NBAdditions.m in Sources */ = {isa = PBXBuildFile; fileRef = 474012391EA80D8200BE9E2E /* NSArray+NBAdditions.m */; };
		474012571EA80D8200BE9E2E /* PhoneNumberMetaData.json in Resources */ = {isa = PBXBuildFile; fileRef = 4740123A1EA80D8200BE9E2E /* PhoneNumberMetaData.json */; };
		4740125A1EA80D8200BE9E2E /* PhoneNumberMetaDataForTesting.json in Resources */ = {isa = PBXBuildFile; fileRef = 4740123B1EA80D8200BE9E2E /* PhoneNumberMetaDataForTesting.json */; };
		4750FEBA1EB8C51E0091AD54 /* APAddressBook.m in Sources */ = {isa = PBXBuildFile; fileRef = 4750FEB91EB8C51E0091AD54 /* APAddressBook.m */; };
		4750FED21EB8C54B0091AD54 /* APAddress.m in Sources */ = {isa = PBXBuildFile; fileRef = 4750FEBC1EB8C54B0091AD54 /* APAddress.m */; };
		4750FED31EB8C54B0091AD54 /* APContact.m in Sources */ = {isa = PBXBuildFile; fileRef = 4750FEBE1EB8C54B0091AD54 /* APContact.m */; };
		4750FED41EB8C54B0091AD54 /* APContactDate.m in Sources */ = {isa = PBXBuildFile; fileRef = 4750FEC01EB8C54B0091AD54 /* APContactDate.m */; };
		4750FED51EB8C54B0091AD54 /* APEmail.m in Sources */ = {isa = PBXBuildFile; fileRef = 4750FEC21EB8C54B0091AD54 /* APEmail.m */; };
		4750FED61EB8C54B0091AD54 /* APJob.m in Sources */ = {isa = PBXBuildFile; fileRef = 4750FEC41EB8C54B0091AD54 /* APJob.m */; };
		4750FED71EB8C54B0091AD54 /* APName.m in Sources */ = {isa = PBXBuildFile; fileRef = 4750FEC61EB8C54B0091AD54 /* APName.m */; };
		4750FED81EB8C54B0091AD54 /* APPhone.m in Sources */ = {isa = PBXBuildFile; fileRef = 4750FEC81EB8C54B0091AD54 /* APPhone.m */; };
		4750FED91EB8C54B0091AD54 /* APRecordDate.m in Sources */ = {isa = PBXBuildFile; fileRef = 4750FECA1EB8C54B0091AD54 /* APRecordDate.m */; };
		4750FEDA1EB8C54B0091AD54 /* APRelatedPerson.m in Sources */ = {isa = PBXBuildFile; fileRef = 4750FECC1EB8C54B0091AD54 /* APRelatedPerson.m */; };
		4750FEDB1EB8C54B0091AD54 /* APSocialProfile.m in Sources */ = {isa = PBXBuildFile; fileRef = 4750FECE1EB8C54B0091AD54 /* APSocialProfile.m */; };
		4750FEDC1EB8C54B0091AD54 /* APSource.m in Sources */ = {isa = PBXBuildFile; fileRef = 4750FED01EB8C54B0091AD54 /* APSource.m */; };
		4750FEE11EB8C57F0091AD54 /* APContactBuilder.m in Sources */ = {isa = PBXBuildFile; fileRef = 4750FEDE1EB8C57F0091AD54 /* APContactBuilder.m */; };
		4750FEE21EB8C57F0091AD54 /* APContactListBuilder.m in Sources */ = {isa = PBXBuildFile; fileRef = 4750FEE01EB8C57F0091AD54 /* APContactListBuilder.m */; };
		4750FEE71EB8C58C0091AD54 /* APContactDataExtractor.m in Sources */ = {isa = PBXBuildFile; fileRef = 4750FEE41EB8C58C0091AD54 /* APContactDataExtractor.m */; };
		4750FEE81EB8C58C0091AD54 /* APImageExtractor.m in Sources */ = {isa = PBXBuildFile; fileRef = 4750FEE61EB8C58C0091AD54 /* APImageExtractor.m */; };
		4750FEEB1EB8C5A10091AD54 /* APSocialServiceHelper.m in Sources */ = {isa = PBXBuildFile; fileRef = 4750FEEA1EB8C5A10091AD54 /* APSocialServiceHelper.m */; };
		4750FEF31EB8C5B00091AD54 /* APAddressBookAccessRoutine.m in Sources */ = {isa = PBXBuildFile; fileRef = 4750FEED1EB8C5B00091AD54 /* APAddressBookAccessRoutine.m */; };
		4750FEF41EB8C5B00091AD54 /* APAddressBookContactsRoutine.m in Sources */ = {isa = PBXBuildFile; fileRef = 4750FEEF1EB8C5B00091AD54 /* APAddressBookContactsRoutine.m */; };
		4750FEF51EB8C5B00091AD54 /* APAddressBookExternalChangeRoutine.m in Sources */ = {isa = PBXBuildFile; fileRef = 4750FEF21EB8C5B00091AD54 /* APAddressBookExternalChangeRoutine.m */; };
		4750FEF81EB8C5BF0091AD54 /* APAddressBookBaseRoutine.m in Sources */ = {isa = PBXBuildFile; fileRef = 4750FEF71EB8C5BF0091AD54 /* APAddressBookBaseRoutine.m */; };
		4750FEFB1EB8C5CB0091AD54 /* APThread.m in Sources */ = {isa = PBXBuildFile; fileRef = 4750FEFA1EB8C5CB0091AD54 /* APThread.m */; };
		4750FEFE1EB8C5DA0091AD54 /* APAddressBookRefWrapper.m in Sources */ = {isa = PBXBuildFile; fileRef = 4750FEFD1EB8C5DA0091AD54 /* APAddressBookRefWrapper.m */; };
		47585F8F1E9DF40900DA1E6D /* CoreData.framework in Frameworks */ = {isa = PBXBuildFile; fileRef = 47585F8E1E9DF40900DA1E6D /* CoreData.framework */; };
		47AE100A1EAD1AD10090C37C /* UIView+Toast.m in Sources */ = {isa = PBXBuildFile; fileRef = 47AE10091EAD1AD10090C37C /* UIView+Toast.m */; };
		47CDA17B1EB1FC6900D83BB6 /* IntentHandler.m in Sources */ = {isa = PBXBuildFile; fileRef = 47CDA17A1EB1FC6900D83BB6 /* IntentHandler.m */; };
		47CDA1911EB1FC6900D83BB6 /* IntentHandler.appex in Embed App Extensions */ = {isa = PBXBuildFile; fileRef = 47CDA1771EB1FC6900D83BB6 /* IntentHandler.appex */; settings = {ATTRIBUTES = (RemoveHeadersOnCopy, ); }; };
		47E635641E9E481300F3D222 /* ContactsViewController.m in Sources */ = {isa = PBXBuildFile; fileRef = 47E635631E9E481300F3D222 /* ContactsViewController.m */; };
		47E6357B1E9E642600F3D222 /* PlivoCallController.m in Sources */ = {isa = PBXBuildFile; fileRef = 47E6357A1E9E642600F3D222 /* PlivoCallController.m */; };
		47E6374E1EA022D900F3D222 /* PlivoVoiceKit.framework in Frameworks */ = {isa = PBXBuildFile; fileRef = 47E6374D1EA022D900F3D222 /* PlivoVoiceKit.framework */; };
		47E637501EA022E600F3D222 /* PlivoVoiceKit.framework in Embed Frameworks */ = {isa = PBXBuildFile; fileRef = 47E6374D1EA022D900F3D222 /* PlivoVoiceKit.framework */; settings = {ATTRIBUTES = (CodeSignOnCopy, RemoveHeadersOnCopy, ); }; };
		47F5ED4D1EAE0C7700494E73 /* CallKitInstance.m in Sources */ = {isa = PBXBuildFile; fileRef = 47F5ED4A1EAE0C7700494E73 /* CallKitInstance.m */; };
		47F5ED4E1EAE0C7700494E73 /* Phone.m in Sources */ = {isa = PBXBuildFile; fileRef = 47F5ED4C1EAE0C7700494E73 /* Phone.m */; };
		47FF8F501EA50C34008A940C /* JCDialPad.m in Sources */ = {isa = PBXBuildFile; fileRef = 47FF8F491EA50C34008A940C /* JCDialPad.m */; };
		47FF8F511EA50C34008A940C /* JCPadButton.m in Sources */ = {isa = PBXBuildFile; fileRef = 47FF8F4B1EA50C34008A940C /* JCPadButton.m */; };
		47FF8F521EA50C34008A940C /* MZTimerLabel.m in Sources */ = {isa = PBXBuildFile; fileRef = 47FF8F4D1EA50C34008A940C /* MZTimerLabel.m */; };
		47FF8F531EA50C34008A940C /* UIView+FrameAccessor.m in Sources */ = {isa = PBXBuildFile; fileRef = 47FF8F4F1EA50C34008A940C /* UIView+FrameAccessor.m */; };
		8DC9A1F4651A58EEC1F78777 /* Pods_ObjCVoiceCallingAppUITests.framework in Frameworks */ = {isa = PBXBuildFile; fileRef = F4D28495541F42D67273B2E4 /* Pods_ObjCVoiceCallingAppUITests.framework */; };
		E0470C1773BA6F6884DB4988 /* Pods_ObjCVoiceCallingApp.framework in Frameworks */ = {isa = PBXBuildFile; fileRef = 62216BF9DB495A09D8485045 /* Pods_ObjCVoiceCallingApp.framework */; };
/* End PBXBuildFile section */

/* Begin PBXContainerItemProxy section */
		473EF9781E9D28690022AF4B /* PBXContainerItemProxy */ = {
			isa = PBXContainerItemProxy;
			containerPortal = 473EF9561E9D28690022AF4B /* Project object */;
			proxyType = 1;
			remoteGlobalIDString = 473EF95D1E9D28690022AF4B;
			remoteInfo = ObjCVoiceCallingApp;
		};
		473EF9831E9D28690022AF4B /* PBXContainerItemProxy */ = {
			isa = PBXContainerItemProxy;
			containerPortal = 473EF9561E9D28690022AF4B /* Project object */;
			proxyType = 1;
			remoteGlobalIDString = 473EF95D1E9D28690022AF4B;
			remoteInfo = ObjCVoiceCallingApp;
		};
		47CDA18F1EB1FC6900D83BB6 /* PBXContainerItemProxy */ = {
			isa = PBXContainerItemProxy;
			containerPortal = 473EF9561E9D28690022AF4B /* Project object */;
			proxyType = 1;
			remoteGlobalIDString = 47CDA1761EB1FC6900D83BB6;
			remoteInfo = IntentHandler;
		};
/* End PBXContainerItemProxy section */

/* Begin PBXCopyFilesBuildPhase section */
		47CDA1981EB1FC6A00D83BB6 /* Embed App Extensions */ = {
			isa = PBXCopyFilesBuildPhase;
			buildActionMask = 2147483647;
			dstPath = "";
			dstSubfolderSpec = 13;
			files = (
				47CDA1911EB1FC6900D83BB6 /* IntentHandler.appex in Embed App Extensions */,
			);
			name = "Embed App Extensions";
			runOnlyForDeploymentPostprocessing = 0;
		};
		47E637511EA022E700F3D222 /* Embed Frameworks */ = {
			isa = PBXCopyFilesBuildPhase;
			buildActionMask = 2147483647;
			dstPath = "";
			dstSubfolderSpec = 10;
			files = (
				47E637501EA022E600F3D222 /* PlivoVoiceKit.framework in Embed Frameworks */,
			);
			name = "Embed Frameworks";
			runOnlyForDeploymentPostprocessing = 0;
		};
/* End PBXCopyFilesBuildPhase section */

/* Begin PBXFileReference section */
		05EE96EA78A05B59D0D39FA4 /* Pods-ObjCVoiceCallingApp.debug.xcconfig */ = {isa = PBXFileReference; includeInIndex = 1; lastKnownFileType = text.xcconfig; name = "Pods-ObjCVoiceCallingApp.debug.xcconfig"; path = "Pods/Target Support Files/Pods-ObjCVoiceCallingApp/Pods-ObjCVoiceCallingApp.debug.xcconfig"; sourceTree = "<group>"; };
		1B9C2460DDCD7676E73518EC /* Pods_ObjCVoiceCallingAppTests.framework */ = {isa = PBXFileReference; explicitFileType = wrapper.framework; includeInIndex = 0; path = Pods_ObjCVoiceCallingAppTests.framework; sourceTree = BUILT_PRODUCTS_DIR; };
		38C6F6625F0D6355E3D49EE9 /* Pods-ObjCVoiceCallingAppUITests.release.xcconfig */ = {isa = PBXFileReference; includeInIndex = 1; lastKnownFileType = text.xcconfig; name = "Pods-ObjCVoiceCallingAppUITests.release.xcconfig"; path = "Pods/Target Support Files/Pods-ObjCVoiceCallingAppUITests/Pods-ObjCVoiceCallingAppUITests.release.xcconfig"; sourceTree = "<group>"; };
		42E62619CB75A83FE15DA791 /* Pods-ObjCVoiceCallingAppTests.release.xcconfig */ = {isa = PBXFileReference; includeInIndex = 1; lastKnownFileType = text.xcconfig; name = "Pods-ObjCVoiceCallingAppTests.release.xcconfig"; path = "Pods/Target Support Files/Pods-ObjCVoiceCallingAppTests/Pods-ObjCVoiceCallingAppTests.release.xcconfig"; sourceTree = "<group>"; };
		471435361EAE37FF00B14584 /* plivo-gif-icon.gif */ = {isa = PBXFileReference; lastKnownFileType = image.gif; name = "plivo-gif-icon.gif"; path = "Resources/Images/plivo-gif-icon.gif"; sourceTree = "<group>"; };
		472B34E31E9E371F00FF56B0 /* CallKit.framework */ = {isa = PBXFileReference; lastKnownFileType = wrapper.framework; name = CallKit.framework; path = System/Library/Frameworks/CallKit.framework; sourceTree = SDKROOT; };
		473EF95E1E9D28690022AF4B /* ObjCVoiceCallingApp.app */ = {isa = PBXFileReference; explicitFileType = wrapper.application; includeInIndex = 0; path = ObjCVoiceCallingApp.app; sourceTree = BUILT_PRODUCTS_DIR; };
		473EF9621E9D28690022AF4B /* main.m */ = {isa = PBXFileReference; lastKnownFileType = sourcecode.c.objc; path = main.m; sourceTree = "<group>"; };
		473EF96B1E9D28690022AF4B /* Base */ = {isa = PBXFileReference; lastKnownFileType = file.storyboard; name = Base; path = Base.lproj/Main.storyboard; sourceTree = "<group>"; };
		473EF96D1E9D28690022AF4B /* Assets.xcassets */ = {isa = PBXFileReference; lastKnownFileType = folder.assetcatalog; path = Assets.xcassets; sourceTree = "<group>"; };
		473EF9701E9D28690022AF4B /* Base */ = {isa = PBXFileReference; lastKnownFileType = file.storyboard; name = Base; path = Base.lproj/LaunchScreen.storyboard; sourceTree = "<group>"; };
		473EF9721E9D28690022AF4B /* Info.plist */ = {isa = PBXFileReference; lastKnownFileType = text.plist.xml; path = Info.plist; sourceTree = "<group>"; };
		473EF9771E9D28690022AF4B /* ObjCVoiceCallingAppTests.xctest */ = {isa = PBXFileReference; explicitFileType = wrapper.cfbundle; includeInIndex = 0; path = ObjCVoiceCallingAppTests.xctest; sourceTree = BUILT_PRODUCTS_DIR; };
		473EF97B1E9D28690022AF4B /* ObjCVoiceCallingAppTests.m */ = {isa = PBXFileReference; lastKnownFileType = sourcecode.c.objc; path = ObjCVoiceCallingAppTests.m; sourceTree = "<group>"; };
		473EF97D1E9D28690022AF4B /* Info.plist */ = {isa = PBXFileReference; lastKnownFileType = text.plist.xml; path = Info.plist; sourceTree = "<group>"; };
		473EF9821E9D28690022AF4B /* ObjCVoiceCallingAppUITests.xctest */ = {isa = PBXFileReference; explicitFileType = wrapper.cfbundle; includeInIndex = 0; path = ObjCVoiceCallingAppUITests.xctest; sourceTree = BUILT_PRODUCTS_DIR; };
		473EF9861E9D28690022AF4B /* ObjCVoiceCallingAppUITests.m */ = {isa = PBXFileReference; lastKnownFileType = sourcecode.c.objc; path = ObjCVoiceCallingAppUITests.m; sourceTree = "<group>"; };
		473EF9881E9D28690022AF4B /* Info.plist */ = {isa = PBXFileReference; lastKnownFileType = text.plist.xml; path = Info.plist; sourceTree = "<group>"; };
		473EF9981E9D28FB0022AF4B /* AppDelegate.h */ = {isa = PBXFileReference; fileEncoding = 4; lastKnownFileType = sourcecode.c.h; name = AppDelegate.h; path = AppFiles/AppDelegate.h; sourceTree = "<group>"; };
		473EF9991E9D28FB0022AF4B /* AppDelegate.m */ = {isa = PBXFileReference; fileEncoding = 4; lastKnownFileType = sourcecode.c.objc; name = AppDelegate.m; path = AppFiles/AppDelegate.m; sourceTree = "<group>"; };
		473EF99B1E9D29E90022AF4B /* LoginViewController.h */ = {isa = PBXFileReference; fileEncoding = 4; lastKnownFileType = sourcecode.c.h; name = LoginViewController.h; path = Controller/LoginViewController.h; sourceTree = "<group>"; };
		473EF99C1E9D29E90022AF4B /* LoginViewController.m */ = {isa = PBXFileReference; fileEncoding = 4; lastKnownFileType = sourcecode.c.objc; name = LoginViewController.m; path = Controller/LoginViewController.m; sourceTree = "<group>"; };
		473EF99E1E9D4FAB0022AF4B /* UtilityClass.h */ = {isa = PBXFileReference; fileEncoding = 4; lastKnownFileType = sourcecode.c.h; name = UtilityClass.h; path = AppFiles/UtilityClass.h; sourceTree = "<group>"; };
		473EF99F1E9D4FAB0022AF4B /* UtilityClass.m */ = {isa = PBXFileReference; fileEncoding = 4; lastKnownFileType = sourcecode.c.objc; name = UtilityClass.m; path = AppFiles/UtilityClass.m; sourceTree = "<group>"; };
		473EF9A51E9D54F30022AF4B /* Security.framework */ = {isa = PBXFileReference; lastKnownFileType = wrapper.framework; name = Security.framework; path = System/Library/Frameworks/Security.framework; sourceTree = SDKROOT; };
		473EF9A61E9D54F30022AF4B /* SystemConfiguration.framework */ = {isa = PBXFileReference; lastKnownFileType = wrapper.framework; name = SystemConfiguration.framework; path = System/Library/Frameworks/SystemConfiguration.framework; sourceTree = SDKROOT; };
		473EF9A71E9D54F30022AF4B /* UserNotifications.framework */ = {isa = PBXFileReference; lastKnownFileType = wrapper.framework; name = UserNotifications.framework; path = System/Library/Frameworks/UserNotifications.framework; sourceTree = SDKROOT; };
		473EF9A81E9D54F30022AF4B /* UserNotificationsUI.framework */ = {isa = PBXFileReference; lastKnownFileType = wrapper.framework; name = UserNotificationsUI.framework; path = System/Library/Frameworks/UserNotificationsUI.framework; sourceTree = SDKROOT; };
		473EF9AD1E9D55070022AF4B /* Intents.framework */ = {isa = PBXFileReference; lastKnownFileType = wrapper.framework; name = Intents.framework; path = System/Library/Frameworks/Intents.framework; sourceTree = SDKROOT; };
		473EF9AE1E9D55070022AF4B /* PushKit.framework */ = {isa = PBXFileReference; lastKnownFileType = wrapper.framework; name = PushKit.framework; path = System/Library/Frameworks/PushKit.framework; sourceTree = SDKROOT; };
		473EF9B11E9D552E0022AF4B /* CoreMedia.framework */ = {isa = PBXFileReference; lastKnownFileType = wrapper.framework; name = CoreMedia.framework; path = System/Library/Frameworks/CoreMedia.framework; sourceTree = SDKROOT; };
		473EF9B21E9D552E0022AF4B /* OpenGLES.framework */ = {isa = PBXFileReference; lastKnownFileType = wrapper.framework; name = OpenGLES.framework; path = System/Library/Frameworks/OpenGLES.framework; sourceTree = SDKROOT; };
		473EF9B31E9D552E0022AF4B /* QuartzCore.framework */ = {isa = PBXFileReference; lastKnownFileType = wrapper.framework; name = QuartzCore.framework; path = System/Library/Frameworks/QuartzCore.framework; sourceTree = SDKROOT; };
		473EF9B71E9D55480022AF4B /* AudioToolbox.framework */ = {isa = PBXFileReference; lastKnownFileType = wrapper.framework; name = AudioToolbox.framework; path = System/Library/Frameworks/AudioToolbox.framework; sourceTree = SDKROOT; };
		473EF9B81E9D55480022AF4B /* AVFoundation.framework */ = {isa = PBXFileReference; lastKnownFileType = wrapper.framework; name = AVFoundation.framework; path = System/Library/Frameworks/AVFoundation.framework; sourceTree = SDKROOT; };
		473EF9B91E9D55480022AF4B /* CFNetwork.framework */ = {isa = PBXFileReference; lastKnownFileType = wrapper.framework; name = CFNetwork.framework; path = System/Library/Frameworks/CFNetwork.framework; sourceTree = SDKROOT; };
		473EF9BA1E9D55480022AF4B /* UIKit.framework */ = {isa = PBXFileReference; lastKnownFileType = wrapper.framework; name = UIKit.framework; path = System/Library/Frameworks/UIKit.framework; sourceTree = SDKROOT; };
		473EF9BF1E9D55560022AF4B /* Foundation.framework */ = {isa = PBXFileReference; lastKnownFileType = wrapper.framework; name = Foundation.framework; path = System/Library/Frameworks/Foundation.framework; sourceTree = SDKROOT; };
		473EF9C11E9D555E0022AF4B /* CoreGraphics.framework */ = {isa = PBXFileReference; lastKnownFileType = wrapper.framework; name = CoreGraphics.framework; path = System/Library/Frameworks/CoreGraphics.framework; sourceTree = SDKROOT; };
		473EF9CE1E9D58550022AF4B /* CallInfo.h */ = {isa = PBXFileReference; fileEncoding = 4; lastKnownFileType = sourcecode.c.h; name = CallInfo.h; path = Model/CallInfo.h; sourceTree = "<group>"; };
		473EF9CF1E9D58550022AF4B /* CallInfo.m */ = {isa = PBXFileReference; fileEncoding = 4; lastKnownFileType = sourcecode.c.objc; name = CallInfo.m; path = Model/CallInfo.m; sourceTree = "<group>"; };
		473EF9D21E9D5B3F0022AF4B /* CallHistoryViewController.h */ = {isa = PBXFileReference; fileEncoding = 4; lastKnownFileType = sourcecode.c.h; name = CallHistoryViewController.h; path = Controller/CallHistoryViewController.h; sourceTree = "<group>"; };
		473EF9D31E9D5B3F0022AF4B /* CallHistoryViewController.m */ = {isa = PBXFileReference; fileEncoding = 4; lastKnownFileType = sourcecode.c.objc; name = CallHistoryViewController.m; path = Controller/CallHistoryViewController.m; sourceTree = "<group>"; };
		474012191EA79B5500BE9E2E /* ObjCVoiceCallingApp.entitlements */ = {isa = PBXFileReference; lastKnownFileType = text.plist.entitlements; path = ObjCVoiceCallingApp.entitlements; sourceTree = "<group>"; };
		4740121E1EA8033100BE9E2E /* SafariServices.framework */ = {isa = PBXFileReference; lastKnownFileType = wrapper.framework; name = SafariServices.framework; path = System/Library/Frameworks/SafariServices.framework; sourceTree = SDKROOT; };
		474012291EA80D8200BE9E2E /* NBAsYouTypeFormatter.h */ = {isa = PBXFileReference; fileEncoding = 4; lastKnownFileType = sourcecode.c.h; name = NBAsYouTypeFormatter.h; path = "ThirdParty/libPhoneNumber-iOS/NBAsYouTypeFormatter.h"; sourceTree = "<group>"; };
		4740122A1EA80D8200BE9E2E /* NBAsYouTypeFormatter.m */ = {isa = PBXFileReference; fileEncoding = 4; lastKnownFileType = sourcecode.c.objc; name = NBAsYouTypeFormatter.m; path = "ThirdParty/libPhoneNumber-iOS/NBAsYouTypeFormatter.m"; sourceTree = "<group>"; };
		4740122B1EA80D8200BE9E2E /* NBNumberFormat.h */ = {isa = PBXFileReference; fileEncoding = 4; lastKnownFileType = sourcecode.c.h; name = NBNumberFormat.h; path = "ThirdParty/libPhoneNumber-iOS/NBNumberFormat.h"; sourceTree = "<group>"; };
		4740122C1EA80D8200BE9E2E /* NBNumberFormat.m */ = {isa = PBXFileReference; fileEncoding = 4; lastKnownFileType = sourcecode.c.objc; name = NBNumberFormat.m; path = "ThirdParty/libPhoneNumber-iOS/NBNumberFormat.m"; sourceTree = "<group>"; };
		4740122D1EA80D8200BE9E2E /* NBPhoneMetaData.h */ = {isa = PBXFileReference; fileEncoding = 4; lastKnownFileType = sourcecode.c.h; name = NBPhoneMetaData.h; path = "ThirdParty/libPhoneNumber-iOS/NBPhoneMetaData.h"; sourceTree = "<group>"; };
		4740122E1EA80D8200BE9E2E /* NBPhoneMetaData.m */ = {isa = PBXFileReference; fileEncoding = 4; lastKnownFileType = sourcecode.c.objc; name = NBPhoneMetaData.m; path = "ThirdParty/libPhoneNumber-iOS/NBPhoneMetaData.m"; sourceTree = "<group>"; };
		4740122F1EA80D8200BE9E2E /* NBPhoneNumber.h */ = {isa = PBXFileReference; fileEncoding = 4; lastKnownFileType = sourcecode.c.h; name = NBPhoneNumber.h; path = "ThirdParty/libPhoneNumber-iOS/NBPhoneNumber.h"; sourceTree = "<group>"; };
		474012301EA80D8200BE9E2E /* NBPhoneNumber.m */ = {isa = PBXFileReference; fileEncoding = 4; lastKnownFileType = sourcecode.c.objc; name = NBPhoneNumber.m; path = "ThirdParty/libPhoneNumber-iOS/NBPhoneNumber.m"; sourceTree = "<group>"; };
		474012311EA80D8200BE9E2E /* NBPhoneNumberDefines.h */ = {isa = PBXFileReference; fileEncoding = 4; lastKnownFileType = sourcecode.c.h; name = NBPhoneNumberDefines.h; path = "ThirdParty/libPhoneNumber-iOS/NBPhoneNumberDefines.h"; sourceTree = "<group>"; };
		474012321EA80D8200BE9E2E /* NBPhoneNumberDesc.h */ = {isa = PBXFileReference; fileEncoding = 4; lastKnownFileType = sourcecode.c.h; name = NBPhoneNumberDesc.h; path = "ThirdParty/libPhoneNumber-iOS/NBPhoneNumberDesc.h"; sourceTree = "<group>"; };
		474012331EA80D8200BE9E2E /* NBPhoneNumberDesc.m */ = {isa = PBXFileReference; fileEncoding = 4; lastKnownFileType = sourcecode.c.objc; name = NBPhoneNumberDesc.m; path = "ThirdParty/libPhoneNumber-iOS/NBPhoneNumberDesc.m"; sourceTree = "<group>"; };
		474012341EA80D8200BE9E2E /* NBPhoneNumberMetadata.plist */ = {isa = PBXFileReference; lastKnownFileType = file.bplist; name = NBPhoneNumberMetadata.plist; path = "ThirdParty/libPhoneNumber-iOS/NBPhoneNumberMetadata.plist"; sourceTree = "<group>"; };
		474012351EA80D8200BE9E2E /* NBPhoneNumberMetadataForTesting.plist */ = {isa = PBXFileReference; lastKnownFileType = file.bplist; name = NBPhoneNumberMetadataForTesting.plist; path = "ThirdParty/libPhoneNumber-iOS/NBPhoneNumberMetadataForTesting.plist"; sourceTree = "<group>"; };
		474012361EA80D8200BE9E2E /* NBPhoneNumberUtil.h */ = {isa = PBXFileReference; fileEncoding = 4; lastKnownFileType = sourcecode.c.h; name = NBPhoneNumberUtil.h; path = "ThirdParty/libPhoneNumber-iOS/NBPhoneNumberUtil.h"; sourceTree = "<group>"; };
		474012371EA80D8200BE9E2E /* NBPhoneNumberUtil.m */ = {isa = PBXFileReference; fileEncoding = 4; lastKnownFileType = sourcecode.c.objc; name = NBPhoneNumberUtil.m; path = "ThirdParty/libPhoneNumber-iOS/NBPhoneNumberUtil.m"; sourceTree = "<group>"; };
		474012381EA80D8200BE9E2E /* NSArray+NBAdditions.h */ = {isa = PBXFileReference; fileEncoding = 4; lastKnownFileType = sourcecode.c.h; name = "NSArray+NBAdditions.h"; path = "ThirdParty/libPhoneNumber-iOS/NSArray+NBAdditions.h"; sourceTree = "<group>"; };
		474012391EA80D8200BE9E2E /* NSArray+NBAdditions.m */ = {isa = PBXFileReference; fileEncoding = 4; lastKnownFileType = sourcecode.c.objc; name = "NSArray+NBAdditions.m"; path = "ThirdParty/libPhoneNumber-iOS/NSArray+NBAdditions.m"; sourceTree = "<group>"; };
		4740123A1EA80D8200BE9E2E /* PhoneNumberMetaData.json */ = {isa = PBXFileReference; fileEncoding = 4; lastKnownFileType = text.json; name = PhoneNumberMetaData.json; path = "ThirdParty/libPhoneNumber-iOS/PhoneNumberMetaData.json"; sourceTree = "<group>"; };
		4740123B1EA80D8200BE9E2E /* PhoneNumberMetaDataForTesting.json */ = {isa = PBXFileReference; fileEncoding = 4; lastKnownFileType = text.json; name = PhoneNumberMetaDataForTesting.json; path = "ThirdParty/libPhoneNumber-iOS/PhoneNumberMetaDataForTesting.json"; sourceTree = "<group>"; };
		4750FEB81EB8C51E0091AD54 /* APAddressBook.h */ = {isa = PBXFileReference; fileEncoding = 4; lastKnownFileType = sourcecode.c.h; name = APAddressBook.h; path = ThirdParty/APContact/Public/APAddressBook.h; sourceTree = "<group>"; };
		4750FEB91EB8C51E0091AD54 /* APAddressBook.m */ = {isa = PBXFileReference; fileEncoding = 4; lastKnownFileType = sourcecode.c.objc; name = APAddressBook.m; path = ThirdParty/APContact/Public/APAddressBook.m; sourceTree = "<group>"; };
		4750FEBB1EB8C54B0091AD54 /* APAddress.h */ = {isa = PBXFileReference; fileEncoding = 4; lastKnownFileType = sourcecode.c.h; name = APAddress.h; path = ThirdParty/APContact/Public/Models/APAddress.h; sourceTree = "<group>"; };
		4750FEBC1EB8C54B0091AD54 /* APAddress.m */ = {isa = PBXFileReference; fileEncoding = 4; lastKnownFileType = sourcecode.c.objc; name = APAddress.m; path = ThirdParty/APContact/Public/Models/APAddress.m; sourceTree = "<group>"; };
		4750FEBD1EB8C54B0091AD54 /* APContact.h */ = {isa = PBXFileReference; fileEncoding = 4; lastKnownFileType = sourcecode.c.h; name = APContact.h; path = ThirdParty/APContact/Public/Models/APContact.h; sourceTree = "<group>"; };
		4750FEBE1EB8C54B0091AD54 /* APContact.m */ = {isa = PBXFileReference; fileEncoding = 4; lastKnownFileType = sourcecode.c.objc; name = APContact.m; path = ThirdParty/APContact/Public/Models/APContact.m; sourceTree = "<group>"; };
		4750FEBF1EB8C54B0091AD54 /* APContactDate.h */ = {isa = PBXFileReference; fileEncoding = 4; lastKnownFileType = sourcecode.c.h; name = APContactDate.h; path = ThirdParty/APContact/Public/Models/APContactDate.h; sourceTree = "<group>"; };
		4750FEC01EB8C54B0091AD54 /* APContactDate.m */ = {isa = PBXFileReference; fileEncoding = 4; lastKnownFileType = sourcecode.c.objc; name = APContactDate.m; path = ThirdParty/APContact/Public/Models/APContactDate.m; sourceTree = "<group>"; };
		4750FEC11EB8C54B0091AD54 /* APEmail.h */ = {isa = PBXFileReference; fileEncoding = 4; lastKnownFileType = sourcecode.c.h; name = APEmail.h; path = ThirdParty/APContact/Public/Models/APEmail.h; sourceTree = "<group>"; };
		4750FEC21EB8C54B0091AD54 /* APEmail.m */ = {isa = PBXFileReference; fileEncoding = 4; lastKnownFileType = sourcecode.c.objc; name = APEmail.m; path = ThirdParty/APContact/Public/Models/APEmail.m; sourceTree = "<group>"; };
		4750FEC31EB8C54B0091AD54 /* APJob.h */ = {isa = PBXFileReference; fileEncoding = 4; lastKnownFileType = sourcecode.c.h; name = APJob.h; path = ThirdParty/APContact/Public/Models/APJob.h; sourceTree = "<group>"; };
		4750FEC41EB8C54B0091AD54 /* APJob.m */ = {isa = PBXFileReference; fileEncoding = 4; lastKnownFileType = sourcecode.c.objc; name = APJob.m; path = ThirdParty/APContact/Public/Models/APJob.m; sourceTree = "<group>"; };
		4750FEC51EB8C54B0091AD54 /* APName.h */ = {isa = PBXFileReference; fileEncoding = 4; lastKnownFileType = sourcecode.c.h; name = APName.h; path = ThirdParty/APContact/Public/Models/APName.h; sourceTree = "<group>"; };
		4750FEC61EB8C54B0091AD54 /* APName.m */ = {isa = PBXFileReference; fileEncoding = 4; lastKnownFileType = sourcecode.c.objc; name = APName.m; path = ThirdParty/APContact/Public/Models/APName.m; sourceTree = "<group>"; };
		4750FEC71EB8C54B0091AD54 /* APPhone.h */ = {isa = PBXFileReference; fileEncoding = 4; lastKnownFileType = sourcecode.c.h; name = APPhone.h; path = ThirdParty/APContact/Public/Models/APPhone.h; sourceTree = "<group>"; };
		4750FEC81EB8C54B0091AD54 /* APPhone.m */ = {isa = PBXFileReference; fileEncoding = 4; lastKnownFileType = sourcecode.c.objc; name = APPhone.m; path = ThirdParty/APContact/Public/Models/APPhone.m; sourceTree = "<group>"; };
		4750FEC91EB8C54B0091AD54 /* APRecordDate.h */ = {isa = PBXFileReference; fileEncoding = 4; lastKnownFileType = sourcecode.c.h; name = APRecordDate.h; path = ThirdParty/APContact/Public/Models/APRecordDate.h; sourceTree = "<group>"; };
		4750FECA1EB8C54B0091AD54 /* APRecordDate.m */ = {isa = PBXFileReference; fileEncoding = 4; lastKnownFileType = sourcecode.c.objc; name = APRecordDate.m; path = ThirdParty/APContact/Public/Models/APRecordDate.m; sourceTree = "<group>"; };
		4750FECB1EB8C54B0091AD54 /* APRelatedPerson.h */ = {isa = PBXFileReference; fileEncoding = 4; lastKnownFileType = sourcecode.c.h; name = APRelatedPerson.h; path = ThirdParty/APContact/Public/Models/APRelatedPerson.h; sourceTree = "<group>"; };
		4750FECC1EB8C54B0091AD54 /* APRelatedPerson.m */ = {isa = PBXFileReference; fileEncoding = 4; lastKnownFileType = sourcecode.c.objc; name = APRelatedPerson.m; path = ThirdParty/APContact/Public/Models/APRelatedPerson.m; sourceTree = "<group>"; };
		4750FECD1EB8C54B0091AD54 /* APSocialProfile.h */ = {isa = PBXFileReference; fileEncoding = 4; lastKnownFileType = sourcecode.c.h; name = APSocialProfile.h; path = ThirdParty/APContact/Public/Models/APSocialProfile.h; sourceTree = "<group>"; };
		4750FECE1EB8C54B0091AD54 /* APSocialProfile.m */ = {isa = PBXFileReference; fileEncoding = 4; lastKnownFileType = sourcecode.c.objc; name = APSocialProfile.m; path = ThirdParty/APContact/Public/Models/APSocialProfile.m; sourceTree = "<group>"; };
		4750FECF1EB8C54B0091AD54 /* APSource.h */ = {isa = PBXFileReference; fileEncoding = 4; lastKnownFileType = sourcecode.c.h; name = APSource.h; path = ThirdParty/APContact/Public/Models/APSource.h; sourceTree = "<group>"; };
		4750FED01EB8C54B0091AD54 /* APSource.m */ = {isa = PBXFileReference; fileEncoding = 4; lastKnownFileType = sourcecode.c.objc; name = APSource.m; path = ThirdParty/APContact/Public/Models/APSource.m; sourceTree = "<group>"; };
		4750FED11EB8C54B0091AD54 /* APTypes.h */ = {isa = PBXFileReference; fileEncoding = 4; lastKnownFileType = sourcecode.c.h; name = APTypes.h; path = ThirdParty/APContact/Public/Models/APTypes.h; sourceTree = "<group>"; };
		4750FEDD1EB8C57F0091AD54 /* APContactBuilder.h */ = {isa = PBXFileReference; fileEncoding = 4; lastKnownFileType = sourcecode.c.h; name = APContactBuilder.h; path = ThirdParty/APContact/Private/Builders/APContactBuilder.h; sourceTree = "<group>"; };
		4750FEDE1EB8C57F0091AD54 /* APContactBuilder.m */ = {isa = PBXFileReference; fileEncoding = 4; lastKnownFileType = sourcecode.c.objc; name = APContactBuilder.m; path = ThirdParty/APContact/Private/Builders/APContactBuilder.m; sourceTree = "<group>"; };
		4750FEDF1EB8C57F0091AD54 /* APContactListBuilder.h */ = {isa = PBXFileReference; fileEncoding = 4; lastKnownFileType = sourcecode.c.h; name = APContactListBuilder.h; path = ThirdParty/APContact/Private/Builders/APContactListBuilder.h; sourceTree = "<group>"; };
		4750FEE01EB8C57F0091AD54 /* APContactListBuilder.m */ = {isa = PBXFileReference; fileEncoding = 4; lastKnownFileType = sourcecode.c.objc; name = APContactListBuilder.m; path = ThirdParty/APContact/Private/Builders/APContactListBuilder.m; sourceTree = "<group>"; };
		4750FEE31EB8C58C0091AD54 /* APContactDataExtractor.h */ = {isa = PBXFileReference; fileEncoding = 4; lastKnownFileType = sourcecode.c.h; name = APContactDataExtractor.h; path = ThirdParty/APContact/Private/Extractors/APContactDataExtractor.h; sourceTree = "<group>"; };
		4750FEE41EB8C58C0091AD54 /* APContactDataExtractor.m */ = {isa = PBXFileReference; fileEncoding = 4; lastKnownFileType = sourcecode.c.objc; name = APContactDataExtractor.m; path = ThirdParty/APContact/Private/Extractors/APContactDataExtractor.m; sourceTree = "<group>"; };
		4750FEE51EB8C58C0091AD54 /* APImageExtractor.h */ = {isa = PBXFileReference; fileEncoding = 4; lastKnownFileType = sourcecode.c.h; name = APImageExtractor.h; path = ThirdParty/APContact/Private/Extractors/APImageExtractor.h; sourceTree = "<group>"; };
		4750FEE61EB8C58C0091AD54 /* APImageExtractor.m */ = {isa = PBXFileReference; fileEncoding = 4; lastKnownFileType = sourcecode.c.objc; name = APImageExtractor.m; path = ThirdParty/APContact/Private/Extractors/APImageExtractor.m; sourceTree = "<group>"; };
		4750FEE91EB8C5A10091AD54 /* APSocialServiceHelper.h */ = {isa = PBXFileReference; fileEncoding = 4; lastKnownFileType = sourcecode.c.h; name = APSocialServiceHelper.h; path = ThirdParty/APContact/Private/Helpers/APSocialServiceHelper.h; sourceTree = "<group>"; };
		4750FEEA1EB8C5A10091AD54 /* APSocialServiceHelper.m */ = {isa = PBXFileReference; fileEncoding = 4; lastKnownFileType = sourcecode.c.objc; name = APSocialServiceHelper.m; path = ThirdParty/APContact/Private/Helpers/APSocialServiceHelper.m; sourceTree = "<group>"; };
		4750FEEC1EB8C5B00091AD54 /* APAddressBookAccessRoutine.h */ = {isa = PBXFileReference; fileEncoding = 4; lastKnownFileType = sourcecode.c.h; name = APAddressBookAccessRoutine.h; path = ThirdParty/APContact/Private/Routine/APAddressBookAccessRoutine.h; sourceTree = "<group>"; };
		4750FEED1EB8C5B00091AD54 /* APAddressBookAccessRoutine.m */ = {isa = PBXFileReference; fileEncoding = 4; lastKnownFileType = sourcecode.c.objc; name = APAddressBookAccessRoutine.m; path = ThirdParty/APContact/Private/Routine/APAddressBookAccessRoutine.m; sourceTree = "<group>"; };
		4750FEEE1EB8C5B00091AD54 /* APAddressBookContactsRoutine.h */ = {isa = PBXFileReference; fileEncoding = 4; lastKnownFileType = sourcecode.c.h; name = APAddressBookContactsRoutine.h; path = ThirdParty/APContact/Private/Routine/APAddressBookContactsRoutine.h; sourceTree = "<group>"; };
		4750FEEF1EB8C5B00091AD54 /* APAddressBookContactsRoutine.m */ = {isa = PBXFileReference; fileEncoding = 4; lastKnownFileType = sourcecode.c.objc; name = APAddressBookContactsRoutine.m; path = ThirdParty/APContact/Private/Routine/APAddressBookContactsRoutine.m; sourceTree = "<group>"; };
		4750FEF01EB8C5B00091AD54 /* APAddressBookExternalChangeDelegate.h */ = {isa = PBXFileReference; fileEncoding = 4; lastKnownFileType = sourcecode.c.h; name = APAddressBookExternalChangeDelegate.h; path = ThirdParty/APContact/Private/Routine/APAddressBookExternalChangeDelegate.h; sourceTree = "<group>"; };
		4750FEF11EB8C5B00091AD54 /* APAddressBookExternalChangeRoutine.h */ = {isa = PBXFileReference; fileEncoding = 4; lastKnownFileType = sourcecode.c.h; name = APAddressBookExternalChangeRoutine.h; path = ThirdParty/APContact/Private/Routine/APAddressBookExternalChangeRoutine.h; sourceTree = "<group>"; };
		4750FEF21EB8C5B00091AD54 /* APAddressBookExternalChangeRoutine.m */ = {isa = PBXFileReference; fileEncoding = 4; lastKnownFileType = sourcecode.c.objc; name = APAddressBookExternalChangeRoutine.m; path = ThirdParty/APContact/Private/Routine/APAddressBookExternalChangeRoutine.m; sourceTree = "<group>"; };
		4750FEF61EB8C5BF0091AD54 /* APAddressBookBaseRoutine.h */ = {isa = PBXFileReference; fileEncoding = 4; lastKnownFileType = sourcecode.c.h; name = APAddressBookBaseRoutine.h; path = ThirdParty/APContact/Private/Routine/Base/APAddressBookBaseRoutine.h; sourceTree = "<group>"; };
		4750FEF71EB8C5BF0091AD54 /* APAddressBookBaseRoutine.m */ = {isa = PBXFileReference; fileEncoding = 4; lastKnownFileType = sourcecode.c.objc; name = APAddressBookBaseRoutine.m; path = ThirdParty/APContact/Private/Routine/Base/APAddressBookBaseRoutine.m; sourceTree = "<group>"; };
		4750FEF91EB8C5CB0091AD54 /* APThread.h */ = {isa = PBXFileReference; fileEncoding = 4; lastKnownFileType = sourcecode.c.h; name = APThread.h; path = ThirdParty/APContact/Private/Thread/APThread.h; sourceTree = "<group>"; };
		4750FEFA1EB8C5CB0091AD54 /* APThread.m */ = {isa = PBXFileReference; fileEncoding = 4; lastKnownFileType = sourcecode.c.objc; name = APThread.m; path = ThirdParty/APContact/Private/Thread/APThread.m; sourceTree = "<group>"; };
		4750FEFC1EB8C5DA0091AD54 /* APAddressBookRefWrapper.h */ = {isa = PBXFileReference; fileEncoding = 4; lastKnownFileType = sourcecode.c.h; name = APAddressBookRefWrapper.h; path = ThirdParty/APContact/Private/Wrapper/APAddressBookRefWrapper.h; sourceTree = "<group>"; };
		4750FEFD1EB8C5DA0091AD54 /* APAddressBookRefWrapper.m */ = {isa = PBXFileReference; fileEncoding = 4; lastKnownFileType = sourcecode.c.objc; name = APAddressBookRefWrapper.m; path = ThirdParty/APContact/Private/Wrapper/APAddressBookRefWrapper.m; sourceTree = "<group>"; };
		47585F8E1E9DF40900DA1E6D /* CoreData.framework */ = {isa = PBXFileReference; lastKnownFileType = wrapper.framework; name = CoreData.framework; path = System/Library/Frameworks/CoreData.framework; sourceTree = SDKROOT; };
		47AE10081EAD1AD10090C37C /* UIView+Toast.h */ = {isa = PBXFileReference; fileEncoding = 4; lastKnownFileType = sourcecode.c.h; name = "UIView+Toast.h"; path = "View/UIView+Toast.h"; sourceTree = "<group>"; };
		47AE10091EAD1AD10090C37C /* UIView+Toast.m */ = {isa = PBXFileReference; fileEncoding = 4; lastKnownFileType = sourcecode.c.objc; name = "UIView+Toast.m"; path = "View/UIView+Toast.m"; sourceTree = "<group>"; };
		47CDA1771EB1FC6900D83BB6 /* IntentHandler.appex */ = {isa = PBXFileReference; explicitFileType = "wrapper.app-extension"; includeInIndex = 0; path = IntentHandler.appex; sourceTree = BUILT_PRODUCTS_DIR; };
		47CDA1791EB1FC6900D83BB6 /* IntentHandler.h */ = {isa = PBXFileReference; lastKnownFileType = sourcecode.c.h; path = IntentHandler.h; sourceTree = "<group>"; };
		47CDA17A1EB1FC6900D83BB6 /* IntentHandler.m */ = {isa = PBXFileReference; lastKnownFileType = sourcecode.c.objc; path = IntentHandler.m; sourceTree = "<group>"; };
		47CDA17C1EB1FC6900D83BB6 /* Info.plist */ = {isa = PBXFileReference; lastKnownFileType = text.plist.xml; path = Info.plist; sourceTree = "<group>"; };
		47CDA1821EB1FC6900D83BB6 /* IntentsUI.framework */ = {isa = PBXFileReference; lastKnownFileType = wrapper.framework; name = IntentsUI.framework; path = System/Library/Frameworks/IntentsUI.framework; sourceTree = SDKROOT; };
		47E635621E9E481300F3D222 /* ContactsViewController.h */ = {isa = PBXFileReference; fileEncoding = 4; lastKnownFileType = sourcecode.c.h; name = ContactsViewController.h; path = Controller/ContactsViewController.h; sourceTree = "<group>"; };
		47E635631E9E481300F3D222 /* ContactsViewController.m */ = {isa = PBXFileReference; fileEncoding = 4; lastKnownFileType = sourcecode.c.objc; name = ContactsViewController.m; path = Controller/ContactsViewController.m; sourceTree = "<group>"; };
		47E635791E9E642600F3D222 /* PlivoCallController.h */ = {isa = PBXFileReference; fileEncoding = 4; lastKnownFileType = sourcecode.c.h; name = PlivoCallController.h; path = Controller/PlivoCallController.h; sourceTree = "<group>"; };
		47E6357A1E9E642600F3D222 /* PlivoCallController.m */ = {isa = PBXFileReference; fileEncoding = 4; lastKnownFileType = sourcecode.c.objc; name = PlivoCallController.m; path = Controller/PlivoCallController.m; sourceTree = "<group>"; };
		47E6374D1EA022D900F3D222 /* PlivoVoiceKit.framework */ = {isa = PBXFileReference; lastKnownFileType = wrapper.framework; path = PlivoVoiceKit.framework; sourceTree = "<group>"; };
		47F5ED491EAE0C7700494E73 /* CallKitInstance.h */ = {isa = PBXFileReference; fileEncoding = 4; lastKnownFileType = sourcecode.c.h; name = CallKitInstance.h; path = AppFiles/CallKitInstance.h; sourceTree = "<group>"; };
		47F5ED4A1EAE0C7700494E73 /* CallKitInstance.m */ = {isa = PBXFileReference; fileEncoding = 4; lastKnownFileType = sourcecode.c.objc; name = CallKitInstance.m; path = AppFiles/CallKitInstance.m; sourceTree = "<group>"; };
		47F5ED4B1EAE0C7700494E73 /* Phone.h */ = {isa = PBXFileReference; fileEncoding = 4; lastKnownFileType = sourcecode.c.h; name = Phone.h; path = AppFiles/Phone.h; sourceTree = "<group>"; };
		47F5ED4C1EAE0C7700494E73 /* Phone.m */ = {isa = PBXFileReference; fileEncoding = 4; lastKnownFileType = sourcecode.c.objc; name = Phone.m; path = AppFiles/Phone.m; sourceTree = "<group>"; };
		47FF8F441EA50C02008A940C /* Constants.h */ = {isa = PBXFileReference; fileEncoding = 4; lastKnownFileType = sourcecode.c.h; name = Constants.h; path = AppFiles/Constants.h; sourceTree = "<group>"; };
		47FF8F481EA50C34008A940C /* JCDialPad.h */ = {isa = PBXFileReference; fileEncoding = 4; lastKnownFileType = sourcecode.c.h; name = JCDialPad.h; path = ThirdParty/JCDialPad.h; sourceTree = "<group>"; };
		47FF8F491EA50C34008A940C /* JCDialPad.m */ = {isa = PBXFileReference; fileEncoding = 4; lastKnownFileType = sourcecode.c.objc; name = JCDialPad.m; path = ThirdParty/JCDialPad.m; sourceTree = "<group>"; };
		47FF8F4A1EA50C34008A940C /* JCPadButton.h */ = {isa = PBXFileReference; fileEncoding = 4; lastKnownFileType = sourcecode.c.h; name = JCPadButton.h; path = ThirdParty/JCPadButton.h; sourceTree = "<group>"; };
		47FF8F4B1EA50C34008A940C /* JCPadButton.m */ = {isa = PBXFileReference; fileEncoding = 4; lastKnownFileType = sourcecode.c.objc; name = JCPadButton.m; path = ThirdParty/JCPadButton.m; sourceTree = "<group>"; };
		47FF8F4C1EA50C34008A940C /* MZTimerLabel.h */ = {isa = PBXFileReference; fileEncoding = 4; lastKnownFileType = sourcecode.c.h; name = MZTimerLabel.h; path = ThirdParty/MZTimerLabel.h; sourceTree = "<group>"; };
		47FF8F4D1EA50C34008A940C /* MZTimerLabel.m */ = {isa = PBXFileReference; fileEncoding = 4; lastKnownFileType = sourcecode.c.objc; name = MZTimerLabel.m; path = ThirdParty/MZTimerLabel.m; sourceTree = "<group>"; };
		47FF8F4E1EA50C34008A940C /* UIView+FrameAccessor.h */ = {isa = PBXFileReference; fileEncoding = 4; lastKnownFileType = sourcecode.c.h; name = "UIView+FrameAccessor.h"; path = "ThirdParty/UIView+FrameAccessor.h"; sourceTree = "<group>"; };
		47FF8F4F1EA50C34008A940C /* UIView+FrameAccessor.m */ = {isa = PBXFileReference; fileEncoding = 4; lastKnownFileType = sourcecode.c.objc; name = "UIView+FrameAccessor.m"; path = "ThirdParty/UIView+FrameAccessor.m"; sourceTree = "<group>"; };
		4BDE29CF3E9012BC2D4D5DF7 /* Pods-ObjCVoiceCallingAppTests.debug.xcconfig */ = {isa = PBXFileReference; includeInIndex = 1; lastKnownFileType = text.xcconfig; name = "Pods-ObjCVoiceCallingAppTests.debug.xcconfig"; path = "Pods/Target Support Files/Pods-ObjCVoiceCallingAppTests/Pods-ObjCVoiceCallingAppTests.debug.xcconfig"; sourceTree = "<group>"; };
		62216BF9DB495A09D8485045 /* Pods_ObjCVoiceCallingApp.framework */ = {isa = PBXFileReference; explicitFileType = wrapper.framework; includeInIndex = 0; path = Pods_ObjCVoiceCallingApp.framework; sourceTree = BUILT_PRODUCTS_DIR; };
		E952F6D8252AB1C873C11AF7 /* Pods-ObjCVoiceCallingAppUITests.debug.xcconfig */ = {isa = PBXFileReference; includeInIndex = 1; lastKnownFileType = text.xcconfig; name = "Pods-ObjCVoiceCallingAppUITests.debug.xcconfig"; path = "Pods/Target Support Files/Pods-ObjCVoiceCallingAppUITests/Pods-ObjCVoiceCallingAppUITests.debug.xcconfig"; sourceTree = "<group>"; };
		E99437F3E49189917CBF02A2 /* Pods-ObjCVoiceCallingApp.release.xcconfig */ = {isa = PBXFileReference; includeInIndex = 1; lastKnownFileType = text.xcconfig; name = "Pods-ObjCVoiceCallingApp.release.xcconfig"; path = "Pods/Target Support Files/Pods-ObjCVoiceCallingApp/Pods-ObjCVoiceCallingApp.release.xcconfig"; sourceTree = "<group>"; };
		F4D28495541F42D67273B2E4 /* Pods_ObjCVoiceCallingAppUITests.framework */ = {isa = PBXFileReference; explicitFileType = wrapper.framework; includeInIndex = 0; path = Pods_ObjCVoiceCallingAppUITests.framework; sourceTree = BUILT_PRODUCTS_DIR; };
/* End PBXFileReference section */

/* Begin PBXFrameworksBuildPhase section */
		473EF95B1E9D28690022AF4B /* Frameworks */ = {
			isa = PBXFrameworksBuildPhase;
			buildActionMask = 2147483647;
			files = (
				4740121F1EA8033100BE9E2E /* SafariServices.framework in Frameworks */,
				472B34E41E9E371F00FF56B0 /* CallKit.framework in Frameworks */,
				47585F8F1E9DF40900DA1E6D /* CoreData.framework in Frameworks */,
				473EF9C21E9D555E0022AF4B /* CoreGraphics.framework in Frameworks */,
				473EF9C01E9D55560022AF4B /* Foundation.framework in Frameworks */,
				473EF9BB1E9D55480022AF4B /* AudioToolbox.framework in Frameworks */,
				473EF9BC1E9D55480022AF4B /* AVFoundation.framework in Frameworks */,
				47E6374E1EA022D900F3D222 /* PlivoVoiceKit.framework in Frameworks */,
				473EF9BD1E9D55480022AF4B /* CFNetwork.framework in Frameworks */,
				473EF9BE1E9D55480022AF4B /* UIKit.framework in Frameworks */,
				473EF9B41E9D552E0022AF4B /* CoreMedia.framework in Frameworks */,
				473EF9B51E9D552E0022AF4B /* OpenGLES.framework in Frameworks */,
				473EF9B61E9D552E0022AF4B /* QuartzCore.framework in Frameworks */,
				473EF9AF1E9D55070022AF4B /* Intents.framework in Frameworks */,
				473EF9B01E9D55070022AF4B /* PushKit.framework in Frameworks */,
				473EF9A91E9D54F30022AF4B /* Security.framework in Frameworks */,
				473EF9AA1E9D54F30022AF4B /* SystemConfiguration.framework in Frameworks */,
				473EF9AB1E9D54F30022AF4B /* UserNotifications.framework in Frameworks */,
				473EF9AC1E9D54F30022AF4B /* UserNotificationsUI.framework in Frameworks */,
				E0470C1773BA6F6884DB4988 /* Pods_ObjCVoiceCallingApp.framework in Frameworks */,
			);
			runOnlyForDeploymentPostprocessing = 0;
		};
		473EF9741E9D28690022AF4B /* Frameworks */ = {
			isa = PBXFrameworksBuildPhase;
			buildActionMask = 2147483647;
			files = (
				36A7E58D2038640E74ECFA4B /* Pods_ObjCVoiceCallingAppTests.framework in Frameworks */,
			);
			runOnlyForDeploymentPostprocessing = 0;
		};
		473EF97F1E9D28690022AF4B /* Frameworks */ = {
			isa = PBXFrameworksBuildPhase;
			buildActionMask = 2147483647;
			files = (
				8DC9A1F4651A58EEC1F78777 /* Pods_ObjCVoiceCallingAppUITests.framework in Frameworks */,
			);
			runOnlyForDeploymentPostprocessing = 0;
		};
		47CDA1741EB1FC6900D83BB6 /* Frameworks */ = {
			isa = PBXFrameworksBuildPhase;
			buildActionMask = 2147483647;
			files = (
			);
			runOnlyForDeploymentPostprocessing = 0;
		};
/* End PBXFrameworksBuildPhase section */

/* Begin PBXGroup section */
		473EF9551E9D28690022AF4B = {
			isa = PBXGroup;
			children = (
				473EF9601E9D28690022AF4B /* ObjCVoiceCallingApp */,
				473EF97A1E9D28690022AF4B /* ObjCVoiceCallingAppTests */,
				473EF9851E9D28690022AF4B /* ObjCVoiceCallingAppUITests */,
				47CDA1781EB1FC6900D83BB6 /* IntentHandler */,
				473EF95F1E9D28690022AF4B /* Products */,
				473EF9A41E9D54F30022AF4B /* Frameworks */,
				F274FCA19670FDCFCE38E63D /* Pods */,
			);
			sourceTree = "<group>";
		};
		473EF95F1E9D28690022AF4B /* Products */ = {
			isa = PBXGroup;
			children = (
				473EF95E1E9D28690022AF4B /* ObjCVoiceCallingApp.app */,
				473EF9771E9D28690022AF4B /* ObjCVoiceCallingAppTests.xctest */,
				473EF9821E9D28690022AF4B /* ObjCVoiceCallingAppUITests.xctest */,
				47CDA1771EB1FC6900D83BB6 /* IntentHandler.appex */,
			);
			name = Products;
			sourceTree = "<group>";
		};
		473EF9601E9D28690022AF4B /* ObjCVoiceCallingApp */ = {
			isa = PBXGroup;
			children = (
				474012191EA79B5500BE9E2E /* ObjCVoiceCallingApp.entitlements */,
				473EF9971E9D28A50022AF4B /* AppFiles */,
				473EF9961E9D28980022AF4B /* Model */,
				473EF9951E9D28920022AF4B /* View */,
				473EF9941E9D28870022AF4B /* Controller */,
				47FF8F431EA50B44008A940C /* ThirdParty */,
				47E6358E1E9F8A6600F3D222 /* Resources */,
				473EF96A1E9D28690022AF4B /* Main.storyboard */,
				473EF96D1E9D28690022AF4B /* Assets.xcassets */,
				473EF96F1E9D28690022AF4B /* LaunchScreen.storyboard */,
				473EF9721E9D28690022AF4B /* Info.plist */,
				473EF9611E9D28690022AF4B /* Supporting Files */,
			);
			path = ObjCVoiceCallingApp;
			sourceTree = "<group>";
		};
		473EF9611E9D28690022AF4B /* Supporting Files */ = {
			isa = PBXGroup;
			children = (
				473EF9621E9D28690022AF4B /* main.m */,
			);
			name = "Supporting Files";
			sourceTree = "<group>";
		};
		473EF97A1E9D28690022AF4B /* ObjCVoiceCallingAppTests */ = {
			isa = PBXGroup;
			children = (
				473EF97B1E9D28690022AF4B /* ObjCVoiceCallingAppTests.m */,
				473EF97D1E9D28690022AF4B /* Info.plist */,
			);
			path = ObjCVoiceCallingAppTests;
			sourceTree = "<group>";
		};
		473EF9851E9D28690022AF4B /* ObjCVoiceCallingAppUITests */ = {
			isa = PBXGroup;
			children = (
				473EF9861E9D28690022AF4B /* ObjCVoiceCallingAppUITests.m */,
				473EF9881E9D28690022AF4B /* Info.plist */,
			);
			path = ObjCVoiceCallingAppUITests;
			sourceTree = "<group>";
		};
		473EF9941E9D28870022AF4B /* Controller */ = {
			isa = PBXGroup;
			children = (
				473EF99B1E9D29E90022AF4B /* LoginViewController.h */,
				473EF99C1E9D29E90022AF4B /* LoginViewController.m */,
				473EF9D21E9D5B3F0022AF4B /* CallHistoryViewController.h */,
				473EF9D31E9D5B3F0022AF4B /* CallHistoryViewController.m */,
				47E635621E9E481300F3D222 /* ContactsViewController.h */,
				47E635631E9E481300F3D222 /* ContactsViewController.m */,
				47E635791E9E642600F3D222 /* PlivoCallController.h */,
				47E6357A1E9E642600F3D222 /* PlivoCallController.m */,
			);
			name = Controller;
			sourceTree = "<group>";
		};
		473EF9951E9D28920022AF4B /* View */ = {
			isa = PBXGroup;
			children = (
				47AE10081EAD1AD10090C37C /* UIView+Toast.h */,
				47AE10091EAD1AD10090C37C /* UIView+Toast.m */,
			);
			name = View;
			sourceTree = "<group>";
		};
		473EF9961E9D28980022AF4B /* Model */ = {
			isa = PBXGroup;
			children = (
				473EF9CE1E9D58550022AF4B /* CallInfo.h */,
				473EF9CF1E9D58550022AF4B /* CallInfo.m */,
			);
			name = Model;
			sourceTree = "<group>";
		};
		473EF9971E9D28A50022AF4B /* AppFiles */ = {
			isa = PBXGroup;
			children = (
				473EF9981E9D28FB0022AF4B /* AppDelegate.h */,
				473EF9991E9D28FB0022AF4B /* AppDelegate.m */,
				47F5ED491EAE0C7700494E73 /* CallKitInstance.h */,
				47F5ED4A1EAE0C7700494E73 /* CallKitInstance.m */,
				47F5ED4B1EAE0C7700494E73 /* Phone.h */,
				47F5ED4C1EAE0C7700494E73 /* Phone.m */,
				473EF99E1E9D4FAB0022AF4B /* UtilityClass.h */,
				473EF99F1E9D4FAB0022AF4B /* UtilityClass.m */,
				47FF8F441EA50C02008A940C /* Constants.h */,
			);
			name = AppFiles;
			sourceTree = "<group>";
		};
		473EF9A41E9D54F30022AF4B /* Frameworks */ = {
			isa = PBXGroup;
			children = (
				47E6374D1EA022D900F3D222 /* PlivoVoiceKit.framework */,
				4740121E1EA8033100BE9E2E /* SafariServices.framework */,
				472B34E31E9E371F00FF56B0 /* CallKit.framework */,
				47585F8E1E9DF40900DA1E6D /* CoreData.framework */,
				473EF9C11E9D555E0022AF4B /* CoreGraphics.framework */,
				473EF9BF1E9D55560022AF4B /* Foundation.framework */,
				473EF9B71E9D55480022AF4B /* AudioToolbox.framework */,
				473EF9B81E9D55480022AF4B /* AVFoundation.framework */,
				473EF9B91E9D55480022AF4B /* CFNetwork.framework */,
				473EF9BA1E9D55480022AF4B /* UIKit.framework */,
				473EF9B11E9D552E0022AF4B /* CoreMedia.framework */,
				473EF9B21E9D552E0022AF4B /* OpenGLES.framework */,
				473EF9B31E9D552E0022AF4B /* QuartzCore.framework */,
				473EF9AD1E9D55070022AF4B /* Intents.framework */,
				473EF9AE1E9D55070022AF4B /* PushKit.framework */,
				473EF9A51E9D54F30022AF4B /* Security.framework */,
				473EF9A61E9D54F30022AF4B /* SystemConfiguration.framework */,
				473EF9A71E9D54F30022AF4B /* UserNotifications.framework */,
				473EF9A81E9D54F30022AF4B /* UserNotificationsUI.framework */,
				47CDA1821EB1FC6900D83BB6 /* IntentsUI.framework */,
				62216BF9DB495A09D8485045 /* Pods_ObjCVoiceCallingApp.framework */,
				1B9C2460DDCD7676E73518EC /* Pods_ObjCVoiceCallingAppTests.framework */,
				F4D28495541F42D67273B2E4 /* Pods_ObjCVoiceCallingAppUITests.framework */,
			);
			name = Frameworks;
			sourceTree = "<group>";
		};
		4750FEB31EB8C4DD0091AD54 /* APContacts */ = {
			isa = PBXGroup;
			children = (
				4750FEFC1EB8C5DA0091AD54 /* APAddressBookRefWrapper.h */,
				4750FEFD1EB8C5DA0091AD54 /* APAddressBookRefWrapper.m */,
				4750FEF91EB8C5CB0091AD54 /* APThread.h */,
				4750FEFA1EB8C5CB0091AD54 /* APThread.m */,
				4750FEF61EB8C5BF0091AD54 /* APAddressBookBaseRoutine.h */,
				4750FEF71EB8C5BF0091AD54 /* APAddressBookBaseRoutine.m */,
				4750FEEC1EB8C5B00091AD54 /* APAddressBookAccessRoutine.h */,
				4750FEED1EB8C5B00091AD54 /* APAddressBookAccessRoutine.m */,
				4750FEEE1EB8C5B00091AD54 /* APAddressBookContactsRoutine.h */,
				4750FEEF1EB8C5B00091AD54 /* APAddressBookContactsRoutine.m */,
				4750FEF01EB8C5B00091AD54 /* APAddressBookExternalChangeDelegate.h */,
				4750FEF11EB8C5B00091AD54 /* APAddressBookExternalChangeRoutine.h */,
				4750FEF21EB8C5B00091AD54 /* APAddressBookExternalChangeRoutine.m */,
				4750FEE91EB8C5A10091AD54 /* APSocialServiceHelper.h */,
				4750FEEA1EB8C5A10091AD54 /* APSocialServiceHelper.m */,
				4750FEE31EB8C58C0091AD54 /* APContactDataExtractor.h */,
				4750FEE41EB8C58C0091AD54 /* APContactDataExtractor.m */,
				4750FEE51EB8C58C0091AD54 /* APImageExtractor.h */,
				4750FEE61EB8C58C0091AD54 /* APImageExtractor.m */,
				4750FEDD1EB8C57F0091AD54 /* APContactBuilder.h */,
				4750FEDE1EB8C57F0091AD54 /* APContactBuilder.m */,
				4750FEDF1EB8C57F0091AD54 /* APContactListBuilder.h */,
				4750FEE01EB8C57F0091AD54 /* APContactListBuilder.m */,
				4750FEBB1EB8C54B0091AD54 /* APAddress.h */,
				4750FEBC1EB8C54B0091AD54 /* APAddress.m */,
				4750FEBD1EB8C54B0091AD54 /* APContact.h */,
				4750FEBE1EB8C54B0091AD54 /* APContact.m */,
				4750FEBF1EB8C54B0091AD54 /* APContactDate.h */,
				4750FEC01EB8C54B0091AD54 /* APContactDate.m */,
				4750FEC11EB8C54B0091AD54 /* APEmail.h */,
				4750FEC21EB8C54B0091AD54 /* APEmail.m */,
				4750FEC31EB8C54B0091AD54 /* APJob.h */,
				4750FEC41EB8C54B0091AD54 /* APJob.m */,
				4750FEC51EB8C54B0091AD54 /* APName.h */,
				4750FEC61EB8C54B0091AD54 /* APName.m */,
				4750FEC71EB8C54B0091AD54 /* APPhone.h */,
				4750FEC81EB8C54B0091AD54 /* APPhone.m */,
				4750FEC91EB8C54B0091AD54 /* APRecordDate.h */,
				4750FECA1EB8C54B0091AD54 /* APRecordDate.m */,
				4750FECB1EB8C54B0091AD54 /* APRelatedPerson.h */,
				4750FECC1EB8C54B0091AD54 /* APRelatedPerson.m */,
				4750FECD1EB8C54B0091AD54 /* APSocialProfile.h */,
				4750FECE1EB8C54B0091AD54 /* APSocialProfile.m */,
				4750FECF1EB8C54B0091AD54 /* APSource.h */,
				4750FED01EB8C54B0091AD54 /* APSource.m */,
				4750FED11EB8C54B0091AD54 /* APTypes.h */,
				4750FEB81EB8C51E0091AD54 /* APAddressBook.h */,
				4750FEB91EB8C51E0091AD54 /* APAddressBook.m */,
			);
			name = APContacts;
			sourceTree = "<group>";
		};
		47CDA1781EB1FC6900D83BB6 /* IntentHandler */ = {
			isa = PBXGroup;
			children = (
				47CDA1791EB1FC6900D83BB6 /* IntentHandler.h */,
				47CDA17A1EB1FC6900D83BB6 /* IntentHandler.m */,
				47CDA17C1EB1FC6900D83BB6 /* Info.plist */,
			);
			path = IntentHandler;
			sourceTree = "<group>";
		};
		47E6358E1E9F8A6600F3D222 /* Resources */ = {
			isa = PBXGroup;
			children = (
				47E635BB1E9F8D8100F3D222 /* Audio */,
				47E635BA1E9F8D7B00F3D222 /* Images */,
				47E635911E9F8AA600F3D222 /* Fonts */,
			);
			name = Resources;
			sourceTree = "<group>";
		};
		47E635911E9F8AA600F3D222 /* Fonts */ = {
			isa = PBXGroup;
			children = (
			);
			name = Fonts;
			sourceTree = "<group>";
		};
		47E635BA1E9F8D7B00F3D222 /* Images */ = {
			isa = PBXGroup;
			children = (
				471435361EAE37FF00B14584 /* plivo-gif-icon.gif */,
			);
			name = Images;
			sourceTree = "<group>";
		};
		47E635BB1E9F8D8100F3D222 /* Audio */ = {
			isa = PBXGroup;
			children = (
			);
			name = Audio;
			sourceTree = "<group>";
		};
		47FF8F431EA50B44008A940C /* ThirdParty */ = {
			isa = PBXGroup;
			children = (
				4750FEB31EB8C4DD0091AD54 /* APContacts */,
				47FF8F541EA50E43008A940C /* libPhoneNumber-iOS */,
				47FF8F481EA50C34008A940C /* JCDialPad.h */,
				47FF8F491EA50C34008A940C /* JCDialPad.m */,
				47FF8F4A1EA50C34008A940C /* JCPadButton.h */,
				47FF8F4B1EA50C34008A940C /* JCPadButton.m */,
				47FF8F4C1EA50C34008A940C /* MZTimerLabel.h */,
				47FF8F4D1EA50C34008A940C /* MZTimerLabel.m */,
				47FF8F4E1EA50C34008A940C /* UIView+FrameAccessor.h */,
				47FF8F4F1EA50C34008A940C /* UIView+FrameAccessor.m */,
			);
			name = ThirdParty;
			sourceTree = "<group>";
		};
		47FF8F541EA50E43008A940C /* libPhoneNumber-iOS */ = {
			isa = PBXGroup;
			children = (
				474012291EA80D8200BE9E2E /* NBAsYouTypeFormatter.h */,
				4740122A1EA80D8200BE9E2E /* NBAsYouTypeFormatter.m */,
				4740122B1EA80D8200BE9E2E /* NBNumberFormat.h */,
				4740122C1EA80D8200BE9E2E /* NBNumberFormat.m */,
				4740122D1EA80D8200BE9E2E /* NBPhoneMetaData.h */,
				4740122E1EA80D8200BE9E2E /* NBPhoneMetaData.m */,
				4740122F1EA80D8200BE9E2E /* NBPhoneNumber.h */,
				474012301EA80D8200BE9E2E /* NBPhoneNumber.m */,
				474012311EA80D8200BE9E2E /* NBPhoneNumberDefines.h */,
				474012321EA80D8200BE9E2E /* NBPhoneNumberDesc.h */,
				474012331EA80D8200BE9E2E /* NBPhoneNumberDesc.m */,
				474012341EA80D8200BE9E2E /* NBPhoneNumberMetadata.plist */,
				474012351EA80D8200BE9E2E /* NBPhoneNumberMetadataForTesting.plist */,
				474012361EA80D8200BE9E2E /* NBPhoneNumberUtil.h */,
				474012371EA80D8200BE9E2E /* NBPhoneNumberUtil.m */,
				474012381EA80D8200BE9E2E /* NSArray+NBAdditions.h */,
				474012391EA80D8200BE9E2E /* NSArray+NBAdditions.m */,
				4740123A1EA80D8200BE9E2E /* PhoneNumberMetaData.json */,
				4740123B1EA80D8200BE9E2E /* PhoneNumberMetaDataForTesting.json */,
			);
			name = "libPhoneNumber-iOS";
			sourceTree = "<group>";
		};
		F274FCA19670FDCFCE38E63D /* Pods */ = {
			isa = PBXGroup;
			children = (
				05EE96EA78A05B59D0D39FA4 /* Pods-ObjCVoiceCallingApp.debug.xcconfig */,
				E99437F3E49189917CBF02A2 /* Pods-ObjCVoiceCallingApp.release.xcconfig */,
				4BDE29CF3E9012BC2D4D5DF7 /* Pods-ObjCVoiceCallingAppTests.debug.xcconfig */,
				42E62619CB75A83FE15DA791 /* Pods-ObjCVoiceCallingAppTests.release.xcconfig */,
				E952F6D8252AB1C873C11AF7 /* Pods-ObjCVoiceCallingAppUITests.debug.xcconfig */,
				38C6F6625F0D6355E3D49EE9 /* Pods-ObjCVoiceCallingAppUITests.release.xcconfig */,
			);
			name = Pods;
			sourceTree = "<group>";
		};
/* End PBXGroup section */

/* Begin PBXNativeTarget section */
		473EF95D1E9D28690022AF4B /* ObjCVoiceCallingApp */ = {
			isa = PBXNativeTarget;
			buildConfigurationList = 473EF98B1E9D28690022AF4B /* Build configuration list for PBXNativeTarget "ObjCVoiceCallingApp" */;
			buildPhases = (
				4F7BF4E5D84AEA71A42B9E04 /* [CP] Check Pods Manifest.lock */,
				473EF95A1E9D28690022AF4B /* Sources */,
				473EF95B1E9D28690022AF4B /* Frameworks */,
				473EF95C1E9D28690022AF4B /* Resources */,
				AAD1C790414CCD577B91D692 /* [CP] Embed Pods Frameworks */,
				7D36F57B66155392C7E05342 /* [CP] Copy Pods Resources */,
				47E637511EA022E700F3D222 /* Embed Frameworks */,
				47CDA1981EB1FC6A00D83BB6 /* Embed App Extensions */,
			);
			buildRules = (
			);
			dependencies = (
				47CDA1901EB1FC6900D83BB6 /* PBXTargetDependency */,
			);
			name = ObjCVoiceCallingApp;
			productName = ObjCVoiceCallingApp;
			productReference = 473EF95E1E9D28690022AF4B /* ObjCVoiceCallingApp.app */;
			productType = "com.apple.product-type.application";
		};
		473EF9761E9D28690022AF4B /* ObjCVoiceCallingAppTests */ = {
			isa = PBXNativeTarget;
			buildConfigurationList = 473EF98E1E9D28690022AF4B /* Build configuration list for PBXNativeTarget "ObjCVoiceCallingAppTests" */;
			buildPhases = (
				15F9283AE94BF3A5E620DC19 /* [CP] Check Pods Manifest.lock */,
				473EF9731E9D28690022AF4B /* Sources */,
				473EF9741E9D28690022AF4B /* Frameworks */,
				473EF9751E9D28690022AF4B /* Resources */,
				CAD26EAE973ED3F9801AA9BE /* [CP] Embed Pods Frameworks */,
				81CA6119537B42E089D4E40D /* [CP] Copy Pods Resources */,
			);
			buildRules = (
			);
			dependencies = (
				473EF9791E9D28690022AF4B /* PBXTargetDependency */,
			);
			name = ObjCVoiceCallingAppTests;
			productName = ObjCVoiceCallingAppTests;
			productReference = 473EF9771E9D28690022AF4B /* ObjCVoiceCallingAppTests.xctest */;
			productType = "com.apple.product-type.bundle.unit-test";
		};
		473EF9811E9D28690022AF4B /* ObjCVoiceCallingAppUITests */ = {
			isa = PBXNativeTarget;
			buildConfigurationList = 473EF9911E9D28690022AF4B /* Build configuration list for PBXNativeTarget "ObjCVoiceCallingAppUITests" */;
			buildPhases = (
				9C72F3073CFB6B09CDAADF87 /* [CP] Check Pods Manifest.lock */,
				473EF97E1E9D28690022AF4B /* Sources */,
				473EF97F1E9D28690022AF4B /* Frameworks */,
				473EF9801E9D28690022AF4B /* Resources */,
				1E98E1C65B788DD840D689ED /* [CP] Embed Pods Frameworks */,
				2DF44FF1F63A0B32D4C55DC9 /* [CP] Copy Pods Resources */,
			);
			buildRules = (
			);
			dependencies = (
				473EF9841E9D28690022AF4B /* PBXTargetDependency */,
			);
			name = ObjCVoiceCallingAppUITests;
			productName = ObjCVoiceCallingAppUITests;
			productReference = 473EF9821E9D28690022AF4B /* ObjCVoiceCallingAppUITests.xctest */;
			productType = "com.apple.product-type.bundle.ui-testing";
		};
		47CDA1761EB1FC6900D83BB6 /* IntentHandler */ = {
			isa = PBXNativeTarget;
			buildConfigurationList = 47CDA1951EB1FC6A00D83BB6 /* Build configuration list for PBXNativeTarget "IntentHandler" */;
			buildPhases = (
				47CDA1731EB1FC6900D83BB6 /* Sources */,
				47CDA1741EB1FC6900D83BB6 /* Frameworks */,
				47CDA1751EB1FC6900D83BB6 /* Resources */,
			);
			buildRules = (
			);
			dependencies = (
			);
			name = IntentHandler;
			productName = IntentHandler;
			productReference = 47CDA1771EB1FC6900D83BB6 /* IntentHandler.appex */;
			productType = "com.apple.product-type.app-extension";
		};
/* End PBXNativeTarget section */

/* Begin PBXProject section */
		473EF9561E9D28690022AF4B /* Project object */ = {
			isa = PBXProject;
			attributes = {
				LastUpgradeCheck = 0830;
				ORGANIZATIONNAME = Plivo;
				TargetAttributes = {
					473EF95D1E9D28690022AF4B = {
						CreatedOnToolsVersion = 8.3;
						DevelopmentTeam = A277824BB5;
						ProvisioningStyle = Automatic;
						SystemCapabilities = {
							com.apple.BackgroundModes = {
								enabled = 1;
							};
							com.apple.Push = {
								enabled = 1;
							};
							com.apple.Siri = {
								enabled = 1;
							};
						};
					};
					473EF9761E9D28690022AF4B = {
						CreatedOnToolsVersion = 8.3;
						DevelopmentTeam = A277824BB5;
						ProvisioningStyle = Automatic;
						TestTargetID = 473EF95D1E9D28690022AF4B;
					};
					473EF9811E9D28690022AF4B = {
						CreatedOnToolsVersion = 8.3;
						DevelopmentTeam = A277824BB5;
						ProvisioningStyle = Automatic;
						TestTargetID = 473EF95D1E9D28690022AF4B;
					};
					47CDA1761EB1FC6900D83BB6 = {
						CreatedOnToolsVersion = 8.3;
						DevelopmentTeam = A277824BB5;
						ProvisioningStyle = Automatic;
					};
				};
			};
			buildConfigurationList = 473EF9591E9D28690022AF4B /* Build configuration list for PBXProject "ObjCVoiceCallingApp" */;
			compatibilityVersion = "Xcode 3.2";
			developmentRegion = English;
			hasScannedForEncodings = 0;
			knownRegions = (
				en,
				Base,
			);
			mainGroup = 473EF9551E9D28690022AF4B;
			productRefGroup = 473EF95F1E9D28690022AF4B /* Products */;
			projectDirPath = "";
			projectRoot = "";
			targets = (
				473EF95D1E9D28690022AF4B /* ObjCVoiceCallingApp */,
				473EF9761E9D28690022AF4B /* ObjCVoiceCallingAppTests */,
				473EF9811E9D28690022AF4B /* ObjCVoiceCallingAppUITests */,
				47CDA1761EB1FC6900D83BB6 /* IntentHandler */,
			);
		};
/* End PBXProject section */

/* Begin PBXResourcesBuildPhase section */
		473EF95C1E9D28690022AF4B /* Resources */ = {
			isa = PBXResourcesBuildPhase;
			buildActionMask = 2147483647;
			files = (
				473EF9711E9D28690022AF4B /* LaunchScreen.storyboard in Resources */,
				473EF96E1E9D28690022AF4B /* Assets.xcassets in Resources */,
				4740125A1EA80D8200BE9E2E /* PhoneNumberMetaDataForTesting.json in Resources */,
				471435371EAE37FF00B14584 /* plivo-gif-icon.gif in Resources */,
				474012571EA80D8200BE9E2E /* PhoneNumberMetaData.json in Resources */,
				473EF96C1E9D28690022AF4B /* Main.storyboard in Resources */,
				4740124E1EA80D8200BE9E2E /* NBPhoneNumberMetadataForTesting.plist in Resources */,
				4740124B1EA80D8200BE9E2E /* NBPhoneNumberMetadata.plist in Resources */,
			);
			runOnlyForDeploymentPostprocessing = 0;
		};
		473EF9751E9D28690022AF4B /* Resources */ = {
			isa = PBXResourcesBuildPhase;
			buildActionMask = 2147483647;
			files = (
			);
			runOnlyForDeploymentPostprocessing = 0;
		};
		473EF9801E9D28690022AF4B /* Resources */ = {
			isa = PBXResourcesBuildPhase;
			buildActionMask = 2147483647;
			files = (
			);
			runOnlyForDeploymentPostprocessing = 0;
		};
		47CDA1751EB1FC6900D83BB6 /* Resources */ = {
			isa = PBXResourcesBuildPhase;
			buildActionMask = 2147483647;
			files = (
			);
			runOnlyForDeploymentPostprocessing = 0;
		};
/* End PBXResourcesBuildPhase section */

/* Begin PBXShellScriptBuildPhase section */
		15F9283AE94BF3A5E620DC19 /* [CP] Check Pods Manifest.lock */ = {
			isa = PBXShellScriptBuildPhase;
			buildActionMask = 2147483647;
			files = (
			);
			inputPaths = (
				"${PODS_PODFILE_DIR_PATH}/Podfile.lock",
				"${PODS_ROOT}/Manifest.lock",
			);
			name = "[CP] Check Pods Manifest.lock";
			outputPaths = (
				"$(DERIVED_FILE_DIR)/Pods-ObjCVoiceCallingAppTests-checkManifestLockResult.txt",
			);
			runOnlyForDeploymentPostprocessing = 0;
			shellPath = /bin/sh;
			shellScript = "diff \"${PODS_PODFILE_DIR_PATH}/Podfile.lock\" \"${PODS_ROOT}/Manifest.lock\" > /dev/null\nif [ $? != 0 ] ; then\n    # print error to STDERR\n    echo \"error: The sandbox is not in sync with the Podfile.lock. Run 'pod install' or update your CocoaPods installation.\" >&2\n    exit 1\nfi\n# This output is used by Xcode 'outputs' to avoid re-running this script phase.\necho \"SUCCESS\" > \"${SCRIPT_OUTPUT_FILE_0}\"\n";
			showEnvVarsInLog = 0;
		};
		1E98E1C65B788DD840D689ED /* [CP] Embed Pods Frameworks */ = {
			isa = PBXShellScriptBuildPhase;
			buildActionMask = 2147483647;
			files = (
			);
			inputPaths = (
			);
			name = "[CP] Embed Pods Frameworks";
			outputPaths = (
			);
			runOnlyForDeploymentPostprocessing = 0;
			shellPath = /bin/sh;
			shellScript = "\"${SRCROOT}/Pods/Target Support Files/Pods-ObjCVoiceCallingAppUITests/Pods-ObjCVoiceCallingAppUITests-frameworks.sh\"\n";
			showEnvVarsInLog = 0;
		};
		2DF44FF1F63A0B32D4C55DC9 /* [CP] Copy Pods Resources */ = {
			isa = PBXShellScriptBuildPhase;
			buildActionMask = 2147483647;
			files = (
			);
			inputPaths = (
			);
			name = "[CP] Copy Pods Resources";
			outputPaths = (
			);
			runOnlyForDeploymentPostprocessing = 0;
			shellPath = /bin/sh;
			shellScript = "\"${SRCROOT}/Pods/Target Support Files/Pods-ObjCVoiceCallingAppUITests/Pods-ObjCVoiceCallingAppUITests-resources.sh\"\n";
			showEnvVarsInLog = 0;
		};
		4F7BF4E5D84AEA71A42B9E04 /* [CP] Check Pods Manifest.lock */ = {
			isa = PBXShellScriptBuildPhase;
			buildActionMask = 2147483647;
			files = (
			);
			inputPaths = (
				"${PODS_PODFILE_DIR_PATH}/Podfile.lock",
				"${PODS_ROOT}/Manifest.lock",
			);
			name = "[CP] Check Pods Manifest.lock";
			outputPaths = (
				"$(DERIVED_FILE_DIR)/Pods-ObjCVoiceCallingApp-checkManifestLockResult.txt",
			);
			runOnlyForDeploymentPostprocessing = 0;
			shellPath = /bin/sh;
			shellScript = "diff \"${PODS_PODFILE_DIR_PATH}/Podfile.lock\" \"${PODS_ROOT}/Manifest.lock\" > /dev/null\nif [ $? != 0 ] ; then\n    # print error to STDERR\n    echo \"error: The sandbox is not in sync with the Podfile.lock. Run 'pod install' or update your CocoaPods installation.\" >&2\n    exit 1\nfi\n# This output is used by Xcode 'outputs' to avoid re-running this script phase.\necho \"SUCCESS\" > \"${SCRIPT_OUTPUT_FILE_0}\"\n";
			showEnvVarsInLog = 0;
		};
		7D36F57B66155392C7E05342 /* [CP] Copy Pods Resources */ = {
			isa = PBXShellScriptBuildPhase;
			buildActionMask = 2147483647;
			files = (
			);
			inputPaths = (
			);
			name = "[CP] Copy Pods Resources";
			outputPaths = (
			);
			runOnlyForDeploymentPostprocessing = 0;
			shellPath = /bin/sh;
			shellScript = "\"${SRCROOT}/Pods/Target Support Files/Pods-ObjCVoiceCallingApp/Pods-ObjCVoiceCallingApp-resources.sh\"\n";
			showEnvVarsInLog = 0;
		};
		81CA6119537B42E089D4E40D /* [CP] Copy Pods Resources */ = {
			isa = PBXShellScriptBuildPhase;
			buildActionMask = 2147483647;
			files = (
			);
			inputPaths = (
			);
			name = "[CP] Copy Pods Resources";
			outputPaths = (
			);
			runOnlyForDeploymentPostprocessing = 0;
			shellPath = /bin/sh;
			shellScript = "\"${SRCROOT}/Pods/Target Support Files/Pods-ObjCVoiceCallingAppTests/Pods-ObjCVoiceCallingAppTests-resources.sh\"\n";
			showEnvVarsInLog = 0;
		};
		9C72F3073CFB6B09CDAADF87 /* [CP] Check Pods Manifest.lock */ = {
			isa = PBXShellScriptBuildPhase;
			buildActionMask = 2147483647;
			files = (
			);
			inputPaths = (
				"${PODS_PODFILE_DIR_PATH}/Podfile.lock",
				"${PODS_ROOT}/Manifest.lock",
			);
			name = "[CP] Check Pods Manifest.lock";
			outputPaths = (
				"$(DERIVED_FILE_DIR)/Pods-ObjCVoiceCallingAppUITests-checkManifestLockResult.txt",
			);
			runOnlyForDeploymentPostprocessing = 0;
			shellPath = /bin/sh;
			shellScript = "diff \"${PODS_PODFILE_DIR_PATH}/Podfile.lock\" \"${PODS_ROOT}/Manifest.lock\" > /dev/null\nif [ $? != 0 ] ; then\n    # print error to STDERR\n    echo \"error: The sandbox is not in sync with the Podfile.lock. Run 'pod install' or update your CocoaPods installation.\" >&2\n    exit 1\nfi\n# This output is used by Xcode 'outputs' to avoid re-running this script phase.\necho \"SUCCESS\" > \"${SCRIPT_OUTPUT_FILE_0}\"\n";
			showEnvVarsInLog = 0;
		};
		AAD1C790414CCD577B91D692 /* [CP] Embed Pods Frameworks */ = {
			isa = PBXShellScriptBuildPhase;
			buildActionMask = 2147483647;
			files = (
			);
			inputPaths = (
			);
			name = "[CP] Embed Pods Frameworks";
			outputPaths = (
			);
			runOnlyForDeploymentPostprocessing = 0;
			shellPath = /bin/sh;
			shellScript = "\"${SRCROOT}/Pods/Target Support Files/Pods-ObjCVoiceCallingApp/Pods-ObjCVoiceCallingApp-frameworks.sh\"\n";
			showEnvVarsInLog = 0;
		};
		CAD26EAE973ED3F9801AA9BE /* [CP] Embed Pods Frameworks */ = {
			isa = PBXShellScriptBuildPhase;
			buildActionMask = 2147483647;
			files = (
			);
			inputPaths = (
			);
			name = "[CP] Embed Pods Frameworks";
			outputPaths = (
			);
			runOnlyForDeploymentPostprocessing = 0;
			shellPath = /bin/sh;
			shellScript = "\"${SRCROOT}/Pods/Target Support Files/Pods-ObjCVoiceCallingAppTests/Pods-ObjCVoiceCallingAppTests-frameworks.sh\"\n";
			showEnvVarsInLog = 0;
		};
/* End PBXShellScriptBuildPhase section */

/* Begin PBXSourcesBuildPhase section */
		473EF95A1E9D28690022AF4B /* Sources */ = {
			isa = PBXSourcesBuildPhase;
			buildActionMask = 2147483647;
			files = (
				4750FED61EB8C54B0091AD54 /* APJob.m in Sources */,
				474012541EA80D8200BE9E2E /* NSArray+NBAdditions.m in Sources */,
				4750FEBA1EB8C51E0091AD54 /* APAddressBook.m in Sources */,
				47FF8F501EA50C34008A940C /* JCDialPad.m in Sources */,
				473EF99A1E9D28FB0022AF4B /* AppDelegate.m in Sources */,
				474012421EA80D8200BE9E2E /* NBPhoneMetaData.m in Sources */,
				4750FED21EB8C54B0091AD54 /* APAddress.m in Sources */,
				4750FEFE1EB8C5DA0091AD54 /* APAddressBookRefWrapper.m in Sources */,
				474012451EA80D8200BE9E2E /* NBPhoneNumber.m in Sources */,
				4750FEE21EB8C57F0091AD54 /* APContactListBuilder.m in Sources */,
				473EF9631E9D28690022AF4B /* main.m in Sources */,
				4750FEFB1EB8C5CB0091AD54 /* APThread.m in Sources */,
				474012481EA80D8200BE9E2E /* NBPhoneNumberDesc.m in Sources */,
				4750FEE81EB8C58C0091AD54 /* APImageExtractor.m in Sources */,
				4750FEE71EB8C58C0091AD54 /* APContactDataExtractor.m in Sources */,
				473EF9D41E9D5B3F0022AF4B /* CallHistoryViewController.m in Sources */,
				4750FEF51EB8C5B00091AD54 /* APAddressBookExternalChangeRoutine.m in Sources */,
				47F5ED4E1EAE0C7700494E73 /* Phone.m in Sources */,
				4750FED71EB8C54B0091AD54 /* APName.m in Sources */,
				4750FEF81EB8C5BF0091AD54 /* APAddressBookBaseRoutine.m in Sources */,
				4750FED81EB8C54B0091AD54 /* APPhone.m in Sources */,
				4750FEEB1EB8C5A10091AD54 /* APSocialServiceHelper.m in Sources */,
				4750FEE11EB8C57F0091AD54 /* APContactBuilder.m in Sources */,
				473EF9D01E9D58550022AF4B /* CallInfo.m in Sources */,
				47FF8F521EA50C34008A940C /* MZTimerLabel.m in Sources */,
				4750FED31EB8C54B0091AD54 /* APContact.m in Sources */,
				4750FEDB1EB8C54B0091AD54 /* APSocialProfile.m in Sources */,
				4740123C1EA80D8200BE9E2E /* NBAsYouTypeFormatter.m in Sources */,
				4740123F1EA80D8200BE9E2E /* NBNumberFormat.m in Sources */,
				47F5ED4D1EAE0C7700494E73 /* CallKitInstance.m in Sources */,
				474012511EA80D8200BE9E2E /* NBPhoneNumberUtil.m in Sources */,
				4750FEF31EB8C5B00091AD54 /* APAddressBookAccessRoutine.m in Sources */,
				47E6357B1E9E642600F3D222 /* PlivoCallController.m in Sources */,
				47FF8F511EA50C34008A940C /* JCPadButton.m in Sources */,
				473EF99D1E9D29E90022AF4B /* LoginViewController.m in Sources */,
				4750FED51EB8C54B0091AD54 /* APEmail.m in Sources */,
				47E635641E9E481300F3D222 /* ContactsViewController.m in Sources */,
				4750FEF41EB8C5B00091AD54 /* APAddressBookContactsRoutine.m in Sources */,
				4750FED91EB8C54B0091AD54 /* APRecordDate.m in Sources */,
				47FF8F531EA50C34008A940C /* UIView+FrameAccessor.m in Sources */,
				4750FEDC1EB8C54B0091AD54 /* APSource.m in Sources */,
				4750FED41EB8C54B0091AD54 /* APContactDate.m in Sources */,
				4750FEDA1EB8C54B0091AD54 /* APRelatedPerson.m in Sources */,
				47AE100A1EAD1AD10090C37C /* UIView+Toast.m in Sources */,
				473EF9A01E9D4FAB0022AF4B /* UtilityClass.m in Sources */,
			);
			runOnlyForDeploymentPostprocessing = 0;
		};
		473EF9731E9D28690022AF4B /* Sources */ = {
			isa = PBXSourcesBuildPhase;
			buildActionMask = 2147483647;
			files = (
				473EF97C1E9D28690022AF4B /* ObjCVoiceCallingAppTests.m in Sources */,
			);
			runOnlyForDeploymentPostprocessing = 0;
		};
		473EF97E1E9D28690022AF4B /* Sources */ = {
			isa = PBXSourcesBuildPhase;
			buildActionMask = 2147483647;
			files = (
				473EF9871E9D28690022AF4B /* ObjCVoiceCallingAppUITests.m in Sources */,
			);
			runOnlyForDeploymentPostprocessing = 0;
		};
		47CDA1731EB1FC6900D83BB6 /* Sources */ = {
			isa = PBXSourcesBuildPhase;
			buildActionMask = 2147483647;
			files = (
				47CDA17B1EB1FC6900D83BB6 /* IntentHandler.m in Sources */,
			);
			runOnlyForDeploymentPostprocessing = 0;
		};
/* End PBXSourcesBuildPhase section */

/* Begin PBXTargetDependency section */
		473EF9791E9D28690022AF4B /* PBXTargetDependency */ = {
			isa = PBXTargetDependency;
			target = 473EF95D1E9D28690022AF4B /* ObjCVoiceCallingApp */;
			targetProxy = 473EF9781E9D28690022AF4B /* PBXContainerItemProxy */;
		};
		473EF9841E9D28690022AF4B /* PBXTargetDependency */ = {
			isa = PBXTargetDependency;
			target = 473EF95D1E9D28690022AF4B /* ObjCVoiceCallingApp */;
			targetProxy = 473EF9831E9D28690022AF4B /* PBXContainerItemProxy */;
		};
		47CDA1901EB1FC6900D83BB6 /* PBXTargetDependency */ = {
			isa = PBXTargetDependency;
			target = 47CDA1761EB1FC6900D83BB6 /* IntentHandler */;
			targetProxy = 47CDA18F1EB1FC6900D83BB6 /* PBXContainerItemProxy */;
		};
/* End PBXTargetDependency section */

/* Begin PBXVariantGroup section */
		473EF96A1E9D28690022AF4B /* Main.storyboard */ = {
			isa = PBXVariantGroup;
			children = (
				473EF96B1E9D28690022AF4B /* Base */,
			);
			name = Main.storyboard;
			sourceTree = "<group>";
		};
		473EF96F1E9D28690022AF4B /* LaunchScreen.storyboard */ = {
			isa = PBXVariantGroup;
			children = (
				473EF9701E9D28690022AF4B /* Base */,
			);
			name = LaunchScreen.storyboard;
			sourceTree = "<group>";
		};
/* End PBXVariantGroup section */

/* Begin XCBuildConfiguration section */
		473EF9891E9D28690022AF4B /* Debug */ = {
			isa = XCBuildConfiguration;
			buildSettings = {
				ALWAYS_SEARCH_USER_PATHS = NO;
				CLANG_ANALYZER_NONNULL = YES;
				CLANG_ANALYZER_NUMBER_OBJECT_CONVERSION = YES_AGGRESSIVE;
				CLANG_CXX_LANGUAGE_STANDARD = "gnu++0x";
				CLANG_CXX_LIBRARY = "libc++";
				CLANG_ENABLE_MODULES = YES;
				CLANG_ENABLE_OBJC_ARC = YES;
				CLANG_WARN_BOOL_CONVERSION = YES;
				CLANG_WARN_CONSTANT_CONVERSION = YES;
				CLANG_WARN_DIRECT_OBJC_ISA_USAGE = YES_ERROR;
				CLANG_WARN_DOCUMENTATION_COMMENTS = YES;
				CLANG_WARN_EMPTY_BODY = YES;
				CLANG_WARN_ENUM_CONVERSION = YES;
				CLANG_WARN_INFINITE_RECURSION = YES;
				CLANG_WARN_INT_CONVERSION = YES;
				CLANG_WARN_OBJC_ROOT_CLASS = YES_ERROR;
				CLANG_WARN_SUSPICIOUS_MOVE = YES;
				CLANG_WARN_UNREACHABLE_CODE = YES;
				CLANG_WARN__DUPLICATE_METHOD_MATCH = YES;
				"CODE_SIGN_IDENTITY[sdk=iphoneos*]" = "iPhone Developer";
				COPY_PHASE_STRIP = NO;
				DEBUG_INFORMATION_FORMAT = dwarf;
				DEVELOPMENT_TEAM = A277824BB5;
				ENABLE_BITCODE = NO;
				ENABLE_STRICT_OBJC_MSGSEND = YES;
				ENABLE_TESTABILITY = YES;
				GCC_C_LANGUAGE_STANDARD = gnu99;
				GCC_DYNAMIC_NO_PIC = NO;
				GCC_NO_COMMON_BLOCKS = YES;
				GCC_OPTIMIZATION_LEVEL = 0;
				GCC_PREPROCESSOR_DEFINITIONS = (
					"DEBUG=1",
					"$(inherited)",
				);
				GCC_WARN_64_TO_32_BIT_CONVERSION = YES;
				GCC_WARN_ABOUT_RETURN_TYPE = YES_ERROR;
				GCC_WARN_UNDECLARED_SELECTOR = YES;
				GCC_WARN_UNINITIALIZED_AUTOS = YES_AGGRESSIVE;
				GCC_WARN_UNUSED_FUNCTION = YES;
				GCC_WARN_UNUSED_VARIABLE = YES;
				IPHONEOS_DEPLOYMENT_TARGET = 9.0;
				MTL_ENABLE_DEBUG_INFO = YES;
				ONLY_ACTIVE_ARCH = NO;
				SDKROOT = iphoneos;
				TARGETED_DEVICE_FAMILY = "1,2";
				VALID_ARCHS = "arm64 armv7 armv7s";
			};
			name = Debug;
		};
		473EF98A1E9D28690022AF4B /* Release */ = {
			isa = XCBuildConfiguration;
			buildSettings = {
				ALWAYS_SEARCH_USER_PATHS = NO;
				CLANG_ANALYZER_NONNULL = YES;
				CLANG_ANALYZER_NUMBER_OBJECT_CONVERSION = YES_AGGRESSIVE;
				CLANG_CXX_LANGUAGE_STANDARD = "gnu++0x";
				CLANG_CXX_LIBRARY = "libc++";
				CLANG_ENABLE_MODULES = YES;
				CLANG_ENABLE_OBJC_ARC = YES;
				CLANG_WARN_BOOL_CONVERSION = YES;
				CLANG_WARN_CONSTANT_CONVERSION = YES;
				CLANG_WARN_DIRECT_OBJC_ISA_USAGE = YES_ERROR;
				CLANG_WARN_DOCUMENTATION_COMMENTS = YES;
				CLANG_WARN_EMPTY_BODY = YES;
				CLANG_WARN_ENUM_CONVERSION = YES;
				CLANG_WARN_INFINITE_RECURSION = YES;
				CLANG_WARN_INT_CONVERSION = YES;
				CLANG_WARN_OBJC_ROOT_CLASS = YES_ERROR;
				CLANG_WARN_SUSPICIOUS_MOVE = YES;
				CLANG_WARN_UNREACHABLE_CODE = YES;
				CLANG_WARN__DUPLICATE_METHOD_MATCH = YES;
				"CODE_SIGN_IDENTITY[sdk=iphoneos*]" = "iPhone Developer";
				COPY_PHASE_STRIP = NO;
				DEBUG_INFORMATION_FORMAT = "dwarf-with-dsym";
				DEVELOPMENT_TEAM = A277824BB5;
				ENABLE_BITCODE = NO;
				ENABLE_NS_ASSERTIONS = NO;
				ENABLE_STRICT_OBJC_MSGSEND = YES;
				GCC_C_LANGUAGE_STANDARD = gnu99;
				GCC_NO_COMMON_BLOCKS = YES;
				GCC_WARN_64_TO_32_BIT_CONVERSION = YES;
				GCC_WARN_ABOUT_RETURN_TYPE = YES_ERROR;
				GCC_WARN_UNDECLARED_SELECTOR = YES;
				GCC_WARN_UNINITIALIZED_AUTOS = YES_AGGRESSIVE;
				GCC_WARN_UNUSED_FUNCTION = YES;
				GCC_WARN_UNUSED_VARIABLE = YES;
				IPHONEOS_DEPLOYMENT_TARGET = 9.0;
				MTL_ENABLE_DEBUG_INFO = NO;
				ONLY_ACTIVE_ARCH = NO;
				SDKROOT = iphoneos;
				TARGETED_DEVICE_FAMILY = "1,2";
				VALIDATE_PRODUCT = YES;
				VALID_ARCHS = "arm64 armv7 armv7s";
			};
			name = Release;
		};
		473EF98C1E9D28690022AF4B /* Debug */ = {
			isa = XCBuildConfiguration;
			baseConfigurationReference = 05EE96EA78A05B59D0D39FA4 /* Pods-ObjCVoiceCallingApp.debug.xcconfig */;
			buildSettings = {
				ASSETCATALOG_COMPILER_APPICON_NAME = AppIcon;
				CODE_SIGN_ENTITLEMENTS = ObjCVoiceCallingApp/ObjCVoiceCallingApp.entitlements;
				CODE_SIGN_IDENTITY = "iPhone Developer: Siva Cherukuri (C92DTC732K)";
				"CODE_SIGN_IDENTITY[sdk=iphoneos*]" = "iPhone Developer";
				DEVELOPMENT_TEAM = A277824BB5;
				ENABLE_BITCODE = NO;
				FRAMEWORK_SEARCH_PATHS = (
					"$(inherited)",
					"$(PROJECT_DIR)",
				);
				INFOPLIST_FILE = ObjCVoiceCallingApp/Info.plist;
				IPHONEOS_DEPLOYMENT_TARGET = 9.0;
				LD_RUNPATH_SEARCH_PATHS = "$(inherited) @executable_path/Frameworks";
				LIBRARY_SEARCH_PATHS = (
					"$(inherited)",
					"$(PROJECT_DIR)",
					"$(PROJECT_DIR)/ObjCVoiceCallingApp",
				);
				PRODUCT_BUNDLE_IDENTIFIER = com.plivo.sns;
				PRODUCT_NAME = "$(TARGET_NAME)";
				PROVISIONING_PROFILE_SPECIFIER = "";
				VALID_ARCHS = "arm64 armv7 armv7s";
			};
			name = Debug;
		};
		473EF98D1E9D28690022AF4B /* Release */ = {
			isa = XCBuildConfiguration;
			baseConfigurationReference = E99437F3E49189917CBF02A2 /* Pods-ObjCVoiceCallingApp.release.xcconfig */;
			buildSettings = {
				ASSETCATALOG_COMPILER_APPICON_NAME = AppIcon;
				CODE_SIGN_ENTITLEMENTS = ObjCVoiceCallingApp/ObjCVoiceCallingApp.entitlements;
				CODE_SIGN_IDENTITY = "iPhone Developer: Siva Cherukuri (C92DTC732K)";
				"CODE_SIGN_IDENTITY[sdk=iphoneos*]" = "iPhone Developer";
				DEVELOPMENT_TEAM = A277824BB5;
				ENABLE_BITCODE = NO;
				FRAMEWORK_SEARCH_PATHS = (
					"$(inherited)",
					"$(PROJECT_DIR)",
				);
				INFOPLIST_FILE = ObjCVoiceCallingApp/Info.plist;
				IPHONEOS_DEPLOYMENT_TARGET = 9.0;
				LD_RUNPATH_SEARCH_PATHS = "$(inherited) @executable_path/Frameworks";
				LIBRARY_SEARCH_PATHS = (
					"$(inherited)",
					"$(PROJECT_DIR)",
					"$(PROJECT_DIR)/ObjCVoiceCallingApp",
				);
				PRODUCT_BUNDLE_IDENTIFIER = com.plivo.sns;
				PRODUCT_NAME = "$(TARGET_NAME)";
				PROVISIONING_PROFILE_SPECIFIER = "";
				VALID_ARCHS = "arm64 armv7 armv7s";
			};
			name = Release;
		};
		473EF98F1E9D28690022AF4B /* Debug */ = {
			isa = XCBuildConfiguration;
			baseConfigurationReference = 4BDE29CF3E9012BC2D4D5DF7 /* Pods-ObjCVoiceCallingAppTests.debug.xcconfig */;
			buildSettings = {
				BUNDLE_LOADER = "$(TEST_HOST)";
				INFOPLIST_FILE = ObjCVoiceCallingAppTests/Info.plist;
				LD_RUNPATH_SEARCH_PATHS = "$(inherited) @executable_path/Frameworks @loader_path/Frameworks";
				PRODUCT_BUNDLE_IDENTIFIER = com.plivo.ObjCVoiceCallingAppTests;
				PRODUCT_NAME = "$(TARGET_NAME)";
				TEST_HOST = "$(BUILT_PRODUCTS_DIR)/ObjCVoiceCallingApp.app/ObjCVoiceCallingApp";
			};
			name = Debug;
		};
		473EF9901E9D28690022AF4B /* Release */ = {
			isa = XCBuildConfiguration;
			baseConfigurationReference = 42E62619CB75A83FE15DA791 /* Pods-ObjCVoiceCallingAppTests.release.xcconfig */;
			buildSettings = {
				BUNDLE_LOADER = "$(TEST_HOST)";
				INFOPLIST_FILE = ObjCVoiceCallingAppTests/Info.plist;
				LD_RUNPATH_SEARCH_PATHS = "$(inherited) @executable_path/Frameworks @loader_path/Frameworks";
				PRODUCT_BUNDLE_IDENTIFIER = com.plivo.ObjCVoiceCallingAppTests;
				PRODUCT_NAME = "$(TARGET_NAME)";
				TEST_HOST = "$(BUILT_PRODUCTS_DIR)/ObjCVoiceCallingApp.app/ObjCVoiceCallingApp";
			};
			name = Release;
		};
		473EF9921E9D28690022AF4B /* Debug */ = {
			isa = XCBuildConfiguration;
			baseConfigurationReference = E952F6D8252AB1C873C11AF7 /* Pods-ObjCVoiceCallingAppUITests.debug.xcconfig */;
			buildSettings = {
				INFOPLIST_FILE = ObjCVoiceCallingAppUITests/Info.plist;
				LD_RUNPATH_SEARCH_PATHS = "$(inherited) @executable_path/Frameworks @loader_path/Frameworks";
				PRODUCT_BUNDLE_IDENTIFIER = com.plivo.ObjCVoiceCallingAppUITests;
				PRODUCT_NAME = "$(TARGET_NAME)";
				TEST_TARGET_NAME = ObjCVoiceCallingApp;
			};
			name = Debug;
		};
		473EF9931E9D28690022AF4B /* Release */ = {
			isa = XCBuildConfiguration;
			baseConfigurationReference = 38C6F6625F0D6355E3D49EE9 /* Pods-ObjCVoiceCallingAppUITests.release.xcconfig */;
			buildSettings = {
				INFOPLIST_FILE = ObjCVoiceCallingAppUITests/Info.plist;
				LD_RUNPATH_SEARCH_PATHS = "$(inherited) @executable_path/Frameworks @loader_path/Frameworks";
				PRODUCT_BUNDLE_IDENTIFIER = com.plivo.ObjCVoiceCallingAppUITests;
				PRODUCT_NAME = "$(TARGET_NAME)";
				TEST_TARGET_NAME = ObjCVoiceCallingApp;
			};
			name = Release;
		};
		47CDA1961EB1FC6A00D83BB6 /* Debug */ = {
			isa = XCBuildConfiguration;
			buildSettings = {
				CODE_SIGN_IDENTITY = "iPhone Developer: Siva Cherukuri (C92DTC732K)";
				"CODE_SIGN_IDENTITY[sdk=iphoneos*]" = "iPhone Developer";
				DEVELOPMENT_TEAM = A277824BB5;
				INFOPLIST_FILE = IntentHandler/Info.plist;
				IPHONEOS_DEPLOYMENT_TARGET = 9.0;
				LD_RUNPATH_SEARCH_PATHS = "$(inherited) @executable_path/Frameworks @executable_path/../../Frameworks";
				ONLY_ACTIVE_ARCH = YES;
				PRODUCT_BUNDLE_IDENTIFIER = com.plivo.sns.IntentHandler;
				PRODUCT_NAME = "$(TARGET_NAME)";
				SKIP_INSTALL = YES;
			};
			name = Debug;
		};
		47CDA1971EB1FC6A00D83BB6 /* Release */ = {
			isa = XCBuildConfiguration;
			buildSettings = {
				CODE_SIGN_IDENTITY = "iPhone Developer: Siva Cherukuri (C92DTC732K)";
				"CODE_SIGN_IDENTITY[sdk=iphoneos*]" = "iPhone Developer";
				DEVELOPMENT_TEAM = A277824BB5;
				INFOPLIST_FILE = IntentHandler/Info.plist;
				IPHONEOS_DEPLOYMENT_TARGET = 9.0;
				LD_RUNPATH_SEARCH_PATHS = "$(inherited) @executable_path/Frameworks @executable_path/../../Frameworks";
				PRODUCT_BUNDLE_IDENTIFIER = com.plivo.sns.IntentHandler;
				PRODUCT_NAME = "$(TARGET_NAME)";
				SKIP_INSTALL = YES;
			};
			name = Release;
		};
/* End XCBuildConfiguration section */

/* Begin XCConfigurationList section */
		473EF9591E9D28690022AF4B /* Build configuration list for PBXProject "ObjCVoiceCallingApp" */ = {
			isa = XCConfigurationList;
			buildConfigurations = (
				473EF9891E9D28690022AF4B /* Debug */,
				473EF98A1E9D28690022AF4B /* Release */,
			);
			defaultConfigurationIsVisible = 0;
			defaultConfigurationName = Release;
		};
		473EF98B1E9D28690022AF4B /* Build configuration list for PBXNativeTarget "ObjCVoiceCallingApp" */ = {
			isa = XCConfigurationList;
			buildConfigurations = (
				473EF98C1E9D28690022AF4B /* Debug */,
				473EF98D1E9D28690022AF4B /* Release */,
			);
			defaultConfigurationIsVisible = 0;
			defaultConfigurationName = Release;
		};
		473EF98E1E9D28690022AF4B /* Build configuration list for PBXNativeTarget "ObjCVoiceCallingAppTests" */ = {
			isa = XCConfigurationList;
			buildConfigurations = (
				473EF98F1E9D28690022AF4B /* Debug */,
				473EF9901E9D28690022AF4B /* Release */,
			);
			defaultConfigurationIsVisible = 0;
			defaultConfigurationName = Release;
		};
		473EF9911E9D28690022AF4B /* Build configuration list for PBXNativeTarget "ObjCVoiceCallingAppUITests" */ = {
			isa = XCConfigurationList;
			buildConfigurations = (
				473EF9921E9D28690022AF4B /* Debug */,
				473EF9931E9D28690022AF4B /* Release */,
			);
			defaultConfigurationIsVisible = 0;
			defaultConfigurationName = Release;
		};
		47CDA1951EB1FC6A00D83BB6 /* Build configuration list for PBXNativeTarget "IntentHandler" */ = {
			isa = XCConfigurationList;
			buildConfigurations = (
				47CDA1961EB1FC6A00D83BB6 /* Debug */,
				47CDA1971EB1FC6A00D83BB6 /* Release */,
			);
			defaultConfigurationIsVisible = 0;
			defaultConfigurationName = Release;
		};
/* End XCConfigurationList section */
	};
	rootObject = 473EF9561E9D28690022AF4B /* Project object */;
}
