PODS:
  - APAddressBook/Core (0.3.2)
  - APAddressBook/Swift (0.3.2):
    - APAddressBook/Core
  - ReachabilitySwift (3)

DEPENDENCIES:
  - APAddressBook/Swift
  - ReachabilitySwift (~> 3)

SPEC CHECKSUMS:
  APAddressBook: e68ecaf95f2c323b625ae585a0d25fe505291286
  ReachabilitySwift: f5b9bb30a0777fac8f09ce8b067e32faeb29bb64

PODFILE CHECKSUM: 421a91ef91d9f16cb8ed2c0ebd6461676ef9b23a

COCOAPODS: 1.4.0
