// !$*UTF8*$!
{
	archiveVersion = 1;
	classes = {
	};
	objectVersion = 46;
	objects = {

/* Begin PBXBuildFile section */
		F20FBD651E6926E9009A31C9 /* AppDelegate.swift in Sources */ = {isa = PBXBuildFile; fileRef = F20FBD641E6926E9009A31C9 /* AppDelegate.swift */; };
		F20FBD671E6926E9009A31C9 /* ViewController.swift in Sources */ = {isa = PBXBuildFile; fileRef = F20FBD661E6926E9009A31C9 /* ViewController.swift */; };
		F20FBD6A1E6926E9009A31C9 /* Main.storyboard in Resources */ = {isa = PBXBuildFile; fileRef = F20FBD681E6926E9009A31C9 /* Main.storyboard */; };
		F20FBD6C1E6926E9009A31C9 /* Assets.xcassets in Resources */ = {isa = PBXBuildFile; fileRef = F20FBD6B1E6926E9009A31C9 /* Assets.xcassets */; };
		F20FBD6F1E6926E9009A31C9 /* LaunchScreen.storyboard in Resources */ = {isa = PBXBuildFile; fileRef = F20FBD6D1E6926E9009A31C9 /* LaunchScreen.storyboard */; };
		F20FBD7A1E6926EA009A31C9 /* PlivoSwiftAppTests.swift in Sources */ = {isa = PBXBuildFile; fileRef = F20FBD791E6926EA009A31C9 /* PlivoSwiftAppTests.swift */; };
		F20FBD851E6926EA009A31C9 /* PlivoSwiftAppUITests.swift in Sources */ = {isa = PBXBuildFile; fileRef = F20FBD841E6926EA009A31C9 /* PlivoSwiftAppUITests.swift */; };
		F20FBD931E692777009A31C9 /* Phone.swift in Sources */ = {isa = PBXBuildFile; fileRef = F20FBD921E692777009A31C9 /* Phone.swift */; };
		F20FBD991E692FF2009A31C9 /* libPlivoEndpoint.a in Frameworks */ = {isa = PBXBuildFile; fileRef = F20FBD981E692FF2009A31C9 /* libPlivoEndpoint.a */; };
		F20FBD9B1E69303D009A31C9 /* AVFoundation.framework in Frameworks */ = {isa = PBXBuildFile; fileRef = F20FBD9A1E69303D009A31C9 /* AVFoundation.framework */; };
		F20FBD9D1E693073009A31C9 /* AudioToolbox.framework in Frameworks */ = {isa = PBXBuildFile; fileRef = F20FBD9C1E693073009A31C9 /* AudioToolbox.framework */; };
		F20FBDA11E6930C5009A31C9 /* SystemConfiguration.framework in Frameworks */ = {isa = PBXBuildFile; fileRef = F20FBDA01E6930C5009A31C9 /* SystemConfiguration.framework */; };
		F2F834091E71619000ACDE7C /* plivo-logo.png in Resources */ = {isa = PBXBuildFile; fileRef = F2F834081E71619000ACDE7C /* plivo-logo.png */; };
/* End PBXBuildFile section */

/* Begin PBXContainerItemProxy section */
		F20FBD761E6926EA009A31C9 /* PBXContainerItemProxy */ = {
			isa = PBXContainerItemProxy;
			containerPortal = F20FBD591E6926E9009A31C9 /* Project object */;
			proxyType = 1;
			remoteGlobalIDString = F20FBD601E6926E9009A31C9;
			remoteInfo = PlivoSwiftApp;
		};
		F20FBD811E6926EA009A31C9 /* PBXContainerItemProxy */ = {
			isa = PBXContainerItemProxy;
			containerPortal = F20FBD591E6926E9009A31C9 /* Project object */;
			proxyType = 1;
			remoteGlobalIDString = F20FBD601E6926E9009A31C9;
			remoteInfo = PlivoSwiftApp;
		};
/* End PBXContainerItemProxy section */

/* Begin PBXFileReference section */
		F20FBD611E6926E9009A31C9 /* PlivoSwiftApp.app */ = {isa = PBXFileReference; explicitFileType = wrapper.application; includeInIndex = 0; path = PlivoSwiftApp.app; sourceTree = BUILT_PRODUCTS_DIR; };
		F20FBD641E6926E9009A31C9 /* AppDelegate.swift */ = {isa = PBXFileReference; lastKnownFileType = sourcecode.swift; path = AppDelegate.swift; sourceTree = "<group>"; };
		F20FBD661E6926E9009A31C9 /* ViewController.swift */ = {isa = PBXFileReference; lastKnownFileType = sourcecode.swift; path = ViewController.swift; sourceTree = "<group>"; };
		F20FBD691E6926E9009A31C9 /* Base */ = {isa = PBXFileReference; lastKnownFileType = file.storyboard; name = Base; path = Base.lproj/Main.storyboard; sourceTree = "<group>"; };
		F20FBD6B1E6926E9009A31C9 /* Assets.xcassets */ = {isa = PBXFileReference; lastKnownFileType = folder.assetcatalog; path = Assets.xcassets; sourceTree = "<group>"; };
		F20FBD6E1E6926E9009A31C9 /* Base */ = {isa = PBXFileReference; lastKnownFileType = file.storyboard; name = Base; path = Base.lproj/LaunchScreen.storyboard; sourceTree = "<group>"; };
		F20FBD701E6926E9009A31C9 /* Info.plist */ = {isa = PBXFileReference; lastKnownFileType = text.plist.xml; path = Info.plist; sourceTree = "<group>"; };
		F20FBD751E6926EA009A31C9 /* PlivoSwiftAppTests.xctest */ = {isa = PBXFileReference; explicitFileType = wrapper.cfbundle; includeInIndex = 0; path = PlivoSwiftAppTests.xctest; sourceTree = BUILT_PRODUCTS_DIR; };
		F20FBD791E6926EA009A31C9 /* PlivoSwiftAppTests.swift */ = {isa = PBXFileReference; lastKnownFileType = sourcecode.swift; path = PlivoSwiftAppTests.swift; sourceTree = "<group>"; };
		F20FBD7B1E6926EA009A31C9 /* Info.plist */ = {isa = PBXFileReference; lastKnownFileType = text.plist.xml; path = Info.plist; sourceTree = "<group>"; };
		F20FBD801E6926EA009A31C9 /* PlivoSwiftAppUITests.xctest */ = {isa = PBXFileReference; explicitFileType = wrapper.cfbundle; includeInIndex = 0; path = PlivoSwiftAppUITests.xctest; sourceTree = BUILT_PRODUCTS_DIR; };
		F20FBD841E6926EA009A31C9 /* PlivoSwiftAppUITests.swift */ = {isa = PBXFileReference; lastKnownFileType = sourcecode.swift; path = PlivoSwiftAppUITests.swift; sourceTree = "<group>"; };
		F20FBD861E6926EA009A31C9 /* Info.plist */ = {isa = PBXFileReference; lastKnownFileType = text.plist.xml; path = Info.plist; sourceTree = "<group>"; };
		F20FBD921E692777009A31C9 /* Phone.swift */ = {isa = PBXFileReference; fileEncoding = 4; lastKnownFileType = sourcecode.swift; path = Phone.swift; sourceTree = "<group>"; };
		F20FBD941E692A9F009A31C9 /* PlivoSwiftApp-Bridging-Header.h */ = {isa = PBXFileReference; lastKnownFileType = sourcecode.c.h; path = "PlivoSwiftApp-Bridging-Header.h"; sourceTree = "<group>"; };
		F20FBD981E692FF2009A31C9 /* libPlivoEndpoint.a */ = {isa = PBXFileReference; lastKnownFileType = archive.ar; name = libPlivoEndpoint.a; path = PlivoSwiftApp/Binaries/libPlivoEndpoint.a; sourceTree = "<group>"; };
		F20FBD9A1E69303D009A31C9 /* AVFoundation.framework */ = {isa = PBXFileReference; lastKnownFileType = wrapper.framework; name = AVFoundation.framework; path = System/Library/Frameworks/AVFoundation.framework; sourceTree = SDKROOT; };
		F20FBD9C1E693073009A31C9 /* AudioToolbox.framework */ = {isa = PBXFileReference; lastKnownFileType = wrapper.framework; name = AudioToolbox.framework; path = System/Library/Frameworks/AudioToolbox.framework; sourceTree = SDKROOT; };
		F20FBD9E1E6930A3009A31C9 /* CFNetwork.framework */ = {isa = PBXFileReference; lastKnownFileType = wrapper.framework; name = CFNetwork.framework; path = System/Library/Frameworks/CFNetwork.framework; sourceTree = SDKROOT; };
		F20FBDA01E6930C5009A31C9 /* SystemConfiguration.framework */ = {isa = PBXFileReference; lastKnownFileType = wrapper.framework; name = SystemConfiguration.framework; path = System/Library/Frameworks/SystemConfiguration.framework; sourceTree = SDKROOT; };
		F2F834081E71619000ACDE7C /* plivo-logo.png */ = {isa = PBXFileReference; lastKnownFileType = image.png; path = "plivo-logo.png"; sourceTree = "<group>"; };
/* End PBXFileReference section */

/* Begin PBXFrameworksBuildPhase section */
		F20FBD5E1E6926E9009A31C9 /* Frameworks */ = {
			isa = PBXFrameworksBuildPhase;
			buildActionMask = 2147483647;
			files = (
				F20FBDA11E6930C5009A31C9 /* SystemConfiguration.framework in Frameworks */,
				F20FBD9D1E693073009A31C9 /* AudioToolbox.framework in Frameworks */,
				F20FBD9B1E69303D009A31C9 /* AVFoundation.framework in Frameworks */,
				F20FBD991E692FF2009A31C9 /* libPlivoEndpoint.a in Frameworks */,
			);
			runOnlyForDeploymentPostprocessing = 0;
		};
		F20FBD721E6926EA009A31C9 /* Frameworks */ = {
			isa = PBXFrameworksBuildPhase;
			buildActionMask = 2147483647;
			files = (
			);
			runOnlyForDeploymentPostprocessing = 0;
		};
		F20FBD7D1E6926EA009A31C9 /* Frameworks */ = {
			isa = PBXFrameworksBuildPhase;
			buildActionMask = 2147483647;
			files = (
			);
			runOnlyForDeploymentPostprocessing = 0;
		};
/* End PBXFrameworksBuildPhase section */

/* Begin PBXGroup section */
		F20FBD581E6926E9009A31C9 = {
			isa = PBXGroup;
			children = (
				F20FBD631E6926E9009A31C9 /* PlivoSwiftApp */,
				F20FBD781E6926EA009A31C9 /* PlivoSwiftAppTests */,
				F20FBD831E6926EA009A31C9 /* PlivoSwiftAppUITests */,
				F20FBD621E6926E9009A31C9 /* Products */,
				F20FBD971E692FF1009A31C9 /* Frameworks */,
			);
			sourceTree = "<group>";
		};
		F20FBD621E6926E9009A31C9 /* Products */ = {
			isa = PBXGroup;
			children = (
				F20FBD611E6926E9009A31C9 /* PlivoSwiftApp.app */,
				F20FBD751E6926EA009A31C9 /* PlivoSwiftAppTests.xctest */,
				F20FBD801E6926EA009A31C9 /* PlivoSwiftAppUITests.xctest */,
			);
			name = Products;
			sourceTree = "<group>";
		};
		F20FBD631E6926E9009A31C9 /* PlivoSwiftApp */ = {
			isa = PBXGroup;
			children = (
				F2F834081E71619000ACDE7C /* plivo-logo.png */,
				F20FBD641E6926E9009A31C9 /* AppDelegate.swift */,
				F20FBD661E6926E9009A31C9 /* ViewController.swift */,
				F20FBD681E6926E9009A31C9 /* Main.storyboard */,
				F20FBD6B1E6926E9009A31C9 /* Assets.xcassets */,
				F20FBD6D1E6926E9009A31C9 /* LaunchScreen.storyboard */,
				F20FBD701E6926E9009A31C9 /* Info.plist */,
				F20FBD921E692777009A31C9 /* Phone.swift */,
				F20FBD941E692A9F009A31C9 /* PlivoSwiftApp-Bridging-Header.h */,
			);
			path = PlivoSwiftApp;
			sourceTree = "<group>";
		};
		F20FBD781E6926EA009A31C9 /* PlivoSwiftAppTests */ = {
			isa = PBXGroup;
			children = (
				F20FBD791E6926EA009A31C9 /* PlivoSwiftAppTests.swift */,
				F20FBD7B1E6926EA009A31C9 /* Info.plist */,
			);
			path = PlivoSwiftAppTests;
			sourceTree = "<group>";
		};
		F20FBD831E6926EA009A31C9 /* PlivoSwiftAppUITests */ = {
			isa = PBXGroup;
			children = (
				F20FBD841E6926EA009A31C9 /* PlivoSwiftAppUITests.swift */,
				F20FBD861E6926EA009A31C9 /* Info.plist */,
			);
			path = PlivoSwiftAppUITests;
			sourceTree = "<group>";
		};
		F20FBD971E692FF1009A31C9 /* Frameworks */ = {
			isa = PBXGroup;
			children = (
				F20FBDA01E6930C5009A31C9 /* SystemConfiguration.framework */,
				F20FBD9E1E6930A3009A31C9 /* CFNetwork.framework */,
				F20FBD9C1E693073009A31C9 /* AudioToolbox.framework */,
				F20FBD9A1E69303D009A31C9 /* AVFoundation.framework */,
				F20FBD981E692FF2009A31C9 /* libPlivoEndpoint.a */,
			);
			name = Frameworks;
			sourceTree = "<group>";
		};
/* End PBXGroup section */

/* Begin PBXNativeTarget section */
		F20FBD601E6926E9009A31C9 /* PlivoSwiftApp */ = {
			isa = PBXNativeTarget;
			buildConfigurationList = F20FBD891E6926EA009A31C9 /* Build configuration list for PBXNativeTarget "PlivoSwiftApp" */;
			buildPhases = (
				F20FBD5D1E6926E9009A31C9 /* Sources */,
				F20FBD5E1E6926E9009A31C9 /* Frameworks */,
				F20FBD5F1E6926E9009A31C9 /* Resources */,
			);
			buildRules = (
			);
			dependencies = (
			);
			name = PlivoSwiftApp;
			productName = PlivoSwiftApp;
			productReference = F20FBD611E6926E9009A31C9 /* PlivoSwiftApp.app */;
			productType = "com.apple.product-type.application";
		};
		F20FBD741E6926EA009A31C9 /* PlivoSwiftAppTests */ = {
			isa = PBXNativeTarget;
			buildConfigurationList = F20FBD8C1E6926EA009A31C9 /* Build configuration list for PBXNativeTarget "PlivoSwiftAppTests" */;
			buildPhases = (
				F20FBD711E6926EA009A31C9 /* Sources */,
				F20FBD721E6926EA009A31C9 /* Frameworks */,
				F20FBD731E6926EA009A31C9 /* Resources */,
			);
			buildRules = (
			);
			dependencies = (
				F20FBD771E6926EA009A31C9 /* PBXTargetDependency */,
			);
			name = PlivoSwiftAppTests;
			productName = PlivoSwiftAppTests;
			productReference = F20FBD751E6926EA009A31C9 /* PlivoSwiftAppTests.xctest */;
			productType = "com.apple.product-type.bundle.unit-test";
		};
		F20FBD7F1E6926EA009A31C9 /* PlivoSwiftAppUITests */ = {
			isa = PBXNativeTarget;
			buildConfigurationList = F20FBD8F1E6926EA009A31C9 /* Build configuration list for PBXNativeTarget "PlivoSwiftAppUITests" */;
			buildPhases = (
				F20FBD7C1E6926EA009A31C9 /* Sources */,
				F20FBD7D1E6926EA009A31C9 /* Frameworks */,
				F20FBD7E1E6926EA009A31C9 /* Resources */,
			);
			buildRules = (
			);
			dependencies = (
				F20FBD821E6926EA009A31C9 /* PBXTargetDependency */,
			);
			name = PlivoSwiftAppUITests;
			productName = PlivoSwiftAppUITests;
			productReference = F20FBD801E6926EA009A31C9 /* PlivoSwiftAppUITests.xctest */;
			productType = "com.apple.product-type.bundle.ui-testing";
		};
/* End PBXNativeTarget section */

/* Begin PBXProject section */
		F20FBD591E6926E9009A31C9 /* Project object */ = {
			isa = PBXProject;
			attributes = {
				LastSwiftUpdateCheck = 0820;
				LastUpgradeCheck = 0820;
				ORGANIZATIONNAME = "Shailesh Patel";
				TargetAttributes = {
					F20FBD601E6926E9009A31C9 = {
						CreatedOnToolsVersion = 8.2.1;
						DevelopmentTeam = A277824BB5;
						LastSwiftMigration = 0820;
						ProvisioningStyle = Automatic;
					};
					F20FBD741E6926EA009A31C9 = {
						CreatedOnToolsVersion = 8.2.1;
						DevelopmentTeam = A277824BB5;
						ProvisioningStyle = Automatic;
						TestTargetID = F20FBD601E6926E9009A31C9;
					};
					F20FBD7F1E6926EA009A31C9 = {
						CreatedOnToolsVersion = 8.2.1;
						DevelopmentTeam = A277824BB5;
						ProvisioningStyle = Automatic;
						TestTargetID = F20FBD601E6926E9009A31C9;
					};
				};
			};
			buildConfigurationList = F20FBD5C1E6926E9009A31C9 /* Build configuration list for PBXProject "PlivoSwiftApp" */;
			compatibilityVersion = "Xcode 3.2";
			developmentRegion = English;
			hasScannedForEncodings = 0;
			knownRegions = (
				en,
				Base,
			);
			mainGroup = F20FBD581E6926E9009A31C9;
			productRefGroup = F20FBD621E6926E9009A31C9 /* Products */;
			projectDirPath = "";
			projectRoot = "";
			targets = (
				F20FBD601E6926E9009A31C9 /* PlivoSwiftApp */,
				F20FBD741E6926EA009A31C9 /* PlivoSwiftAppTests */,
				F20FBD7F1E6926EA009A31C9 /* PlivoSwiftAppUITests */,
			);
		};
/* End PBXProject section */

/* Begin PBXResourcesBuildPhase section */
		F20FBD5F1E6926E9009A31C9 /* Resources */ = {
			isa = PBXResourcesBuildPhase;
			buildActionMask = 2147483647;
			files = (
				F20FBD6F1E6926E9009A31C9 /* LaunchScreen.storyboard in Resources */,
				F2F834091E71619000ACDE7C /* plivo-logo.png in Resources */,
				F20FBD6C1E6926E9009A31C9 /* Assets.xcassets in Resources */,
				F20FBD6A1E6926E9009A31C9 /* Main.storyboard in Resources */,
			);
			runOnlyForDeploymentPostprocessing = 0;
		};
		F20FBD731E6926EA009A31C9 /* Resources */ = {
			isa = PBXResourcesBuildPhase;
			buildActionMask = 2147483647;
			files = (
			);
			runOnlyForDeploymentPostprocessing = 0;
		};
		F20FBD7E1E6926EA009A31C9 /* Resources */ = {
			isa = PBXResourcesBuildPhase;
			buildActionMask = 2147483647;
			files = (
			);
			runOnlyForDeploymentPostprocessing = 0;
		};
/* End PBXResourcesBuildPhase section */

/* Begin PBXSourcesBuildPhase section */
		F20FBD5D1E6926E9009A31C9 /* Sources */ = {
			isa = PBXSourcesBuildPhase;
			buildActionMask = 2147483647;
			files = (
				F20FBD671E6926E9009A31C9 /* ViewController.swift in Sources */,
				F20FBD931E692777009A31C9 /* Phone.swift in Sources */,
				F20FBD651E6926E9009A31C9 /* AppDelegate.swift in Sources */,
			);
			runOnlyForDeploymentPostprocessing = 0;
		};
		F20FBD711E6926EA009A31C9 /* Sources */ = {
			isa = PBXSourcesBuildPhase;
			buildActionMask = 2147483647;
			files = (
				F20FBD7A1E6926EA009A31C9 /* PlivoSwiftAppTests.swift in Sources */,
			);
			runOnlyForDeploymentPostprocessing = 0;
		};
		F20FBD7C1E6926EA009A31C9 /* Sources */ = {
			isa = PBXSourcesBuildPhase;
			buildActionMask = 2147483647;
			files = (
				F20FBD851E6926EA009A31C9 /* PlivoSwiftAppUITests.swift in Sources */,
			);
			runOnlyForDeploymentPostprocessing = 0;
		};
/* End PBXSourcesBuildPhase section */

/* Begin PBXTargetDependency section */
		F20FBD771E6926EA009A31C9 /* PBXTargetDependency */ = {
			isa = PBXTargetDependency;
			target = F20FBD601E6926E9009A31C9 /* PlivoSwiftApp */;
			targetProxy = F20FBD761E6926EA009A31C9 /* PBXContainerItemProxy */;
		};
		F20FBD821E6926EA009A31C9 /* PBXTargetDependency */ = {
			isa = PBXTargetDependency;
			target = F20FBD601E6926E9009A31C9 /* PlivoSwiftApp */;
			targetProxy = F20FBD811E6926EA009A31C9 /* PBXContainerItemProxy */;
		};
/* End PBXTargetDependency section */

/* Begin PBXVariantGroup section */
		F20FBD681E6926E9009A31C9 /* Main.storyboard */ = {
			isa = PBXVariantGroup;
			children = (
				F20FBD691E6926E9009A31C9 /* Base */,
			);
			name = Main.storyboard;
			sourceTree = "<group>";
		};
		F20FBD6D1E6926E9009A31C9 /* LaunchScreen.storyboard */ = {
			isa = PBXVariantGroup;
			children = (
				F20FBD6E1E6926E9009A31C9 /* Base */,
			);
			name = LaunchScreen.storyboard;
			sourceTree = "<group>";
		};
/* End PBXVariantGroup section */

/* Begin XCBuildConfiguration section */
		F20FBD871E6926EA009A31C9 /* Debug */ = {
			isa = XCBuildConfiguration;
			buildSettings = {
				ALWAYS_SEARCH_USER_PATHS = NO;
				CLANG_ANALYZER_NONNULL = YES;
				CLANG_CXX_LANGUAGE_STANDARD = "gnu++0x";
				CLANG_CXX_LIBRARY = "libc++";
				CLANG_ENABLE_MODULES = YES;
				CLANG_ENABLE_OBJC_ARC = YES;
				CLANG_WARN_BOOL_CONVERSION = YES;
				CLANG_WARN_CONSTANT_CONVERSION = YES;
				CLANG_WARN_DIRECT_OBJC_ISA_USAGE = YES_ERROR;
				CLANG_WARN_DOCUMENTATION_COMMENTS = YES;
				CLANG_WARN_EMPTY_BODY = YES;
				CLANG_WARN_ENUM_CONVERSION = YES;
				CLANG_WARN_INFINITE_RECURSION = YES;
				CLANG_WARN_INT_CONVERSION = YES;
				CLANG_WARN_OBJC_ROOT_CLASS = YES_ERROR;
				CLANG_WARN_SUSPICIOUS_MOVE = YES;
				CLANG_WARN_UNREACHABLE_CODE = YES;
				CLANG_WARN__DUPLICATE_METHOD_MATCH = YES;
				"CODE_SIGN_IDENTITY[sdk=iphoneos*]" = "iPhone Developer";
				COPY_PHASE_STRIP = NO;
				DEBUG_INFORMATION_FORMAT = dwarf;
				ENABLE_STRICT_OBJC_MSGSEND = YES;
				ENABLE_TESTABILITY = YES;
				GCC_C_LANGUAGE_STANDARD = gnu99;
				GCC_DYNAMIC_NO_PIC = NO;
				GCC_NO_COMMON_BLOCKS = YES;
				GCC_OPTIMIZATION_LEVEL = 0;
				GCC_PREPROCESSOR_DEFINITIONS = (
					"DEBUG=1",
					"$(inherited)",
				);
				GCC_WARN_64_TO_32_BIT_CONVERSION = YES;
				GCC_WARN_ABOUT_RETURN_TYPE = YES_ERROR;
				GCC_WARN_UNDECLARED_SELECTOR = YES;
				GCC_WARN_UNINITIALIZED_AUTOS = YES_AGGRESSIVE;
				GCC_WARN_UNUSED_FUNCTION = YES;
				GCC_WARN_UNUSED_VARIABLE = YES;
				IPHONEOS_DEPLOYMENT_TARGET = 10.2;
				MTL_ENABLE_DEBUG_INFO = YES;
				ONLY_ACTIVE_ARCH = YES;
				SDKROOT = iphoneos;
				SWIFT_ACTIVE_COMPILATION_CONDITIONS = DEBUG;
				SWIFT_OPTIMIZATION_LEVEL = "-Onone";
				TARGETED_DEVICE_FAMILY = "1,2";
			};
			name = Debug;
		};
		F20FBD881E6926EA009A31C9 /* Release */ = {
			isa = XCBuildConfiguration;
			buildSettings = {
				ALWAYS_SEARCH_USER_PATHS = NO;
				CLANG_ANALYZER_NONNULL = YES;
				CLANG_CXX_LANGUAGE_STANDARD = "gnu++0x";
				CLANG_CXX_LIBRARY = "libc++";
				CLANG_ENABLE_MODULES = YES;
				CLANG_ENABLE_OBJC_ARC = YES;
				CLANG_WARN_BOOL_CONVERSION = YES;
				CLANG_WARN_CONSTANT_CONVERSION = YES;
				CLANG_WARN_DIRECT_OBJC_ISA_USAGE = YES_ERROR;
				CLANG_WARN_DOCUMENTATION_COMMENTS = YES;
				CLANG_WARN_EMPTY_BODY = YES;
				CLANG_WARN_ENUM_CONVERSION = YES;
				CLANG_WARN_INFINITE_RECURSION = YES;
				CLANG_WARN_INT_CONVERSION = YES;
				CLANG_WARN_OBJC_ROOT_CLASS = YES_ERROR;
				CLANG_WARN_SUSPICIOUS_MOVE = YES;
				CLANG_WARN_UNREACHABLE_CODE = YES;
				CLANG_WARN__DUPLICATE_METHOD_MATCH = YES;
				"CODE_SIGN_IDENTITY[sdk=iphoneos*]" = "iPhone Developer";
				COPY_PHASE_STRIP = NO;
				DEBUG_INFORMATION_FORMAT = "dwarf-with-dsym";
				ENABLE_NS_ASSERTIONS = NO;
				ENABLE_STRICT_OBJC_MSGSEND = YES;
				GCC_C_LANGUAGE_STANDARD = gnu99;
				GCC_NO_COMMON_BLOCKS = YES;
				GCC_WARN_64_TO_32_BIT_CONVERSION = YES;
				GCC_WARN_ABOUT_RETURN_TYPE = YES_ERROR;
				GCC_WARN_UNDECLARED_SELECTOR = YES;
				GCC_WARN_UNINITIALIZED_AUTOS = YES_AGGRESSIVE;
				GCC_WARN_UNUSED_FUNCTION = YES;
				GCC_WARN_UNUSED_VARIABLE = YES;
				IPHONEOS_DEPLOYMENT_TARGET = 10.2;
				MTL_ENABLE_DEBUG_INFO = NO;
				SDKROOT = iphoneos;
				SWIFT_OPTIMIZATION_LEVEL = "-Owholemodule";
				TARGETED_DEVICE_FAMILY = "1,2";
				VALIDATE_PRODUCT = YES;
			};
			name = Release;
		};
		F20FBD8A1E6926EA009A31C9 /* Debug */ = {
			isa = XCBuildConfiguration;
			buildSettings = {
				ASSETCATALOG_COMPILER_APPICON_NAME = AppIcon;
				CLANG_ENABLE_MODULES = YES;
				DEVELOPMENT_TEAM = A277824BB5;
				ENABLE_BITCODE = NO;
				GCC_PRECOMPILE_PREFIX_HEADER = YES;
				HEADER_SEARCH_PATHS = "$(SRCROOT)/PlivoSwiftApp/Headers";
				INFOPLIST_FILE = PlivoSwiftApp/Info.plist;
				LD_RUNPATH_SEARCH_PATHS = "$(inherited) @executable_path/Frameworks";
				LIBRARY_SEARCH_PATHS = (
					"$(inherited)",
					"$(PROJECT_DIR)/PlivoSwiftApp/Binaries",
				);
				ONLY_ACTIVE_ARCH = NO;
				PRODUCT_BUNDLE_IDENTIFIER = com.plivo.PlivoSwiftApp;
				PRODUCT_NAME = "$(TARGET_NAME)";
				SWIFT_OBJC_BRIDGING_HEADER = "PlivoSwiftApp/PlivoSwiftApp-Bridging-Header.h";
				SWIFT_OPTIMIZATION_LEVEL = "-Onone";
				SWIFT_VERSION = 3.0;
			};
			name = Debug;
		};
		F20FBD8B1E6926EA009A31C9 /* Release */ = {
			isa = XCBuildConfiguration;
			buildSettings = {
				ASSETCATALOG_COMPILER_APPICON_NAME = AppIcon;
				CLANG_ENABLE_MODULES = YES;
				DEVELOPMENT_TEAM = A277824BB5;
				ENABLE_BITCODE = NO;
				GCC_PRECOMPILE_PREFIX_HEADER = YES;
				HEADER_SEARCH_PATHS = "$(SRCROOT)/PlivoSwiftApp/Headers";
				INFOPLIST_FILE = PlivoSwiftApp/Info.plist;
				LD_RUNPATH_SEARCH_PATHS = "$(inherited) @executable_path/Frameworks";
				LIBRARY_SEARCH_PATHS = (
					"$(inherited)",
					"$(PROJECT_DIR)/PlivoSwiftApp/Binaries",
				);
				ONLY_ACTIVE_ARCH = NO;
				PRODUCT_BUNDLE_IDENTIFIER = com.plivo.PlivoSwiftApp;
				PRODUCT_NAME = "$(TARGET_NAME)";
				SWIFT_OBJC_BRIDGING_HEADER = "PlivoSwiftApp/PlivoSwiftApp-Bridging-Header.h";
				SWIFT_VERSION = 3.0;
			};
			name = Release;
		};
		F20FBD8D1E6926EA009A31C9 /* Debug */ = {
			isa = XCBuildConfiguration;
			buildSettings = {
				ALWAYS_EMBED_SWIFT_STANDARD_LIBRARIES = YES;
				BUNDLE_LOADER = "$(TEST_HOST)";
				DEVELOPMENT_TEAM = A277824BB5;
				INFOPLIST_FILE = PlivoSwiftAppTests/Info.plist;
				LD_RUNPATH_SEARCH_PATHS = "$(inherited) @executable_path/Frameworks @loader_path/Frameworks";
				PRODUCT_BUNDLE_IDENTIFIER = com.plivo.PlivoSwiftAppTests;
				PRODUCT_NAME = "$(TARGET_NAME)";
				SWIFT_VERSION = 3.0;
				TEST_HOST = "$(BUILT_PRODUCTS_DIR)/PlivoSwiftApp.app/PlivoSwiftApp";
			};
			name = Debug;
		};
		F20FBD8E1E6926EA009A31C9 /* Release */ = {
			isa = XCBuildConfiguration;
			buildSettings = {
				ALWAYS_EMBED_SWIFT_STANDARD_LIBRARIES = YES;
				BUNDLE_LOADER = "$(TEST_HOST)";
				DEVELOPMENT_TEAM = A277824BB5;
				INFOPLIST_FILE = PlivoSwiftAppTests/Info.plist;
				LD_RUNPATH_SEARCH_PATHS = "$(inherited) @executable_path/Frameworks @loader_path/Frameworks";
				PRODUCT_BUNDLE_IDENTIFIER = com.plivo.PlivoSwiftAppTests;
				PRODUCT_NAME = "$(TARGET_NAME)";
				SWIFT_VERSION = 3.0;
				TEST_HOST = "$(BUILT_PRODUCTS_DIR)/PlivoSwiftApp.app/PlivoSwiftApp";
			};
			name = Release;
		};
		F20FBD901E6926EA009A31C9 /* Debug */ = {
			isa = XCBuildConfiguration;
			buildSettings = {
				ALWAYS_EMBED_SWIFT_STANDARD_LIBRARIES = YES;
				DEVELOPMENT_TEAM = A277824BB5;
				INFOPLIST_FILE = PlivoSwiftAppUITests/Info.plist;
				LD_RUNPATH_SEARCH_PATHS = "$(inherited) @executable_path/Frameworks @loader_path/Frameworks";
				PRODUCT_BUNDLE_IDENTIFIER = com.plivo.PlivoSwiftAppUITests;
				PRODUCT_NAME = "$(TARGET_NAME)";
				SWIFT_VERSION = 3.0;
				TEST_TARGET_NAME = PlivoSwiftApp;
			};
			name = Debug;
		};
		F20FBD911E6926EA009A31C9 /* Release */ = {
			isa = XCBuildConfiguration;
			buildSettings = {
				ALWAYS_EMBED_SWIFT_STANDARD_LIBRARIES = YES;
				DEVELOPMENT_TEAM = A277824BB5;
				INFOPLIST_FILE = PlivoSwiftAppUITests/Info.plist;
				LD_RUNPATH_SEARCH_PATHS = "$(inherited) @executable_path/Frameworks @loader_path/Frameworks";
				PRODUCT_BUNDLE_IDENTIFIER = com.plivo.PlivoSwiftAppUITests;
				PRODUCT_NAME = "$(TARGET_NAME)";
				SWIFT_VERSION = 3.0;
				TEST_TARGET_NAME = PlivoSwiftApp;
			};
			name = Release;
		};
/* End XCBuildConfiguration section */

/* Begin XCConfigurationList section */
		F20FBD5C1E6926E9009A31C9 /* Build configuration list for PBXProject "PlivoSwiftApp" */ = {
			isa = XCConfigurationList;
			buildConfigurations = (
				F20FBD871E6926EA009A31C9 /* Debug */,
				F20FBD881E6926EA009A31C9 /* Release */,
			);
			defaultConfigurationIsVisible = 0;
			defaultConfigurationName = Release;
		};
		F20FBD891E6926EA009A31C9 /* Build configuration list for PBXNativeTarget "PlivoSwiftApp" */ = {
			isa = XCConfigurationList;
			buildConfigurations = (
				F20FBD8A1E6926EA009A31C9 /* Debug */,
				F20FBD8B1E6926EA009A31C9 /* Release */,
			);
			defaultConfigurationIsVisible = 0;
			defaultConfigurationName = Release;
		};
		F20FBD8C1E6926EA009A31C9 /* Build configuration list for PBXNativeTarget "PlivoSwiftAppTests" */ = {
			isa = XCConfigurationList;
			buildConfigurations = (
				F20FBD8D1E6926EA009A31C9 /* Debug */,
				F20FBD8E1E6926EA009A31C9 /* Release */,
			);
			defaultConfigurationIsVisible = 0;
			defaultConfigurationName = Release;
		};
		F20FBD8F1E6926EA009A31C9 /* Build configuration list for PBXNativeTarget "PlivoSwiftAppUITests" */ = {
			isa = XCConfigurationList;
			buildConfigurations = (
				F20FBD901E6926EA009A31C9 /* Debug */,
				F20FBD911E6926EA009A31C9 /* Release */,
			);
			defaultConfigurationIsVisible = 0;
			defaultConfigurationName = Release;
		};
/* End XCConfigurationList section */
	};
	rootObject = F20FBD591E6926E9009A31C9 /* Project object */;
}
